[0m[1mmodule.network.data.aws_region.current: Reading...[0m[0m
[0m[1mdata.aws_caller_identity.current: Reading...[0m[0m
[0m[1mmodule.network.data.aws_availability_zones.available: Reading...[0m[0m
[0m[1mdata.aws_availability_zones.available: Reading...[0m[0m
[0m[1mmodule.network.data.aws_caller_identity.current: Reading...[0m[0m
[0m[1mmodule.network.data.aws_region.current: Read complete after 0s [id=us-east-1][0m
[0m[1mdata.aws_caller_identity.current: Read complete after 0s [id=442740305597][0m
[0m[1mmodule.network.data.aws_caller_identity.current: Read complete after 0s [id=442740305597][0m
[0m[1mmodule.network.data.aws_availability_zones.available: Read complete after 1s [id=us-east-1][0m
[0m[1mdata.aws_availability_zones.available: Read complete after 1s [id=us-east-1][0m

Terraform used the selected providers to generate the following execution
plan. Resource actions are indicated with the following symbols:
  [32m+[0m create[0m
 [36m<=[0m read (data resources)[0m

Terraform planned the following actions, but then encountered a problem:

[1m  # data.aws_eks_cluster.cluster[0m will be read during apply
  # (config refers to values not yet known)
[0m [36m<=[0m[0m data "aws_eks_cluster" "cluster" {
      [32m+[0m[0m access_config             = (known after apply)
      [32m+[0m[0m arn                       = (known after apply)
      [32m+[0m[0m certificate_authority     = (known after apply)
      [32m+[0m[0m cluster_id                = (known after apply)
      [32m+[0m[0m compute_config            = (known after apply)
      [32m+[0m[0m created_at                = (known after apply)
      [32m+[0m[0m enabled_cluster_log_types = (known after apply)
      [32m+[0m[0m endpoint                  = (known after apply)
      [32m+[0m[0m id                        = (known after apply)
      [32m+[0m[0m identity                  = (known after apply)
      [32m+[0m[0m kubernetes_network_config = (known after apply)
      [32m+[0m[0m name                      = (known after apply)
      [32m+[0m[0m outpost_config            = (known after apply)
      [32m+[0m[0m platform_version          = (known after apply)
      [32m+[0m[0m remote_network_config     = (known after apply)
      [32m+[0m[0m role_arn                  = (known after apply)
      [32m+[0m[0m status                    = (known after apply)
      [32m+[0m[0m storage_config            = (known after apply)
      [32m+[0m[0m tags                      = (known after apply)
      [32m+[0m[0m upgrade_policy            = (known after apply)
      [32m+[0m[0m version                   = (known after apply)
      [32m+[0m[0m vpc_config                = (known after apply)
      [32m+[0m[0m zonal_shift_config        = (known after apply)
    }

[1m  # data.aws_eks_cluster_auth.cluster[0m will be read during apply
  # (config refers to values not yet known)
[0m [36m<=[0m[0m data "aws_eks_cluster_auth" "cluster" {
      [32m+[0m[0m id    = (known after apply)
      [32m+[0m[0m name  = (known after apply)
      [32m+[0m[0m token = (sensitive value)
    }

[1m  # module.alb_controller.data.aws_caller_identity.current[0m will be read during apply
  # (depends on a resource or a module with changes pending)
[0m [36m<=[0m[0m data "aws_caller_identity" "current" {
      [32m+[0m[0m account_id = (known after apply)
      [32m+[0m[0m arn        = (known after apply)
      [32m+[0m[0m id         = (known after apply)
      [32m+[0m[0m user_id    = (known after apply)
    }

[1m  # module.alb_controller.data.aws_region.current[0m will be read during apply
  # (depends on a resource or a module with changes pending)
[0m [36m<=[0m[0m data "aws_region" "current" {
      [32m+[0m[0m description = (known after apply)
      [32m+[0m[0m endpoint    = (known after apply)
      [32m+[0m[0m id          = (known after apply)
      [32m+[0m[0m name        = (known after apply)
    }

[1m  # module.alb_controller.helm_release.aws_load_balancer_controller[0m will be created
[0m  [32m+[0m[0m resource "helm_release" "aws_load_balancer_controller" {
      [32m+[0m[0m atomic                     = false
      [32m+[0m[0m chart                      = "aws-load-balancer-controller"
      [32m+[0m[0m cleanup_on_fail            = true
      [32m+[0m[0m create_namespace           = false
      [32m+[0m[0m dependency_update          = false
      [32m+[0m[0m disable_crd_hooks          = false
      [32m+[0m[0m disable_openapi_validation = false
      [32m+[0m[0m disable_webhooks           = false
      [32m+[0m[0m force_update               = false
      [32m+[0m[0m id                         = (known after apply)
      [32m+[0m[0m lint                       = false
      [32m+[0m[0m manifest                   = (known after apply)
      [32m+[0m[0m max_history                = 0
      [32m+[0m[0m metadata                   = (known after apply)
      [32m+[0m[0m name                       = "aws-load-balancer-controller"
      [32m+[0m[0m namespace                  = "kube-system"
      [32m+[0m[0m pass_credentials           = false
      [32m+[0m[0m recreate_pods              = false
      [32m+[0m[0m render_subchart_notes      = true
      [32m+[0m[0m replace                    = false
      [32m+[0m[0m repository                 = "https://aws.github.io/eks-charts"
      [32m+[0m[0m reset_values               = false
      [32m+[0m[0m reuse_values               = false
      [32m+[0m[0m skip_crds                  = false
      [32m+[0m[0m status                     = "deployed"
      [32m+[0m[0m timeout                    = 600
      [32m+[0m[0m values                     = (known after apply)
      [32m+[0m[0m verify                     = false
      [32m+[0m[0m version                    = "1.6.2"
      [32m+[0m[0m wait                       = true
      [32m+[0m[0m wait_for_jobs              = true
    }

[1m  # module.eks_cluster.data.aws_caller_identity.current[0m will be read during apply
  # (depends on a resource or a module with changes pending)
[0m [36m<=[0m[0m data "aws_caller_identity" "current" {
      [32m+[0m[0m account_id = (known after apply)
      [32m+[0m[0m arn        = (known after apply)
      [32m+[0m[0m id         = (known after apply)
      [32m+[0m[0m user_id    = (known after apply)
    }

[1m  # module.eks_cluster.data.aws_region.current[0m will be read during apply
  # (depends on a resource or a module with changes pending)
[0m [36m<=[0m[0m data "aws_region" "current" {
      [32m+[0m[0m description = (known after apply)
      [32m+[0m[0m endpoint    = (known after apply)
      [32m+[0m[0m id          = (known after apply)
      [32m+[0m[0m name        = (known after apply)
    }

[1m  # module.eks_cluster.aws_cloudwatch_log_group.cluster[0m will be created
[0m  [32m+[0m[0m resource "aws_cloudwatch_log_group" "cluster" {
      [32m+[0m[0m arn               = (known after apply)
      [32m+[0m[0m id                = (known after apply)
      [32m+[0m[0m kms_key_id        = (known after apply)
      [32m+[0m[0m log_group_class   = (known after apply)
      [32m+[0m[0m name              = "/aws/eks/feedbackhub-dev/cluster"
      [32m+[0m[0m name_prefix       = (known after apply)
      [32m+[0m[0m retention_in_days = 7
      [32m+[0m[0m skip_destroy      = false
      [32m+[0m[0m tags              = (known after apply)
      [32m+[0m[0m tags_all          = (known after apply)
    }

[1m  # module.eks_cluster.aws_kms_alias.eks[0m will be created
[0m  [32m+[0m[0m resource "aws_kms_alias" "eks" {
      [32m+[0m[0m arn            = (known after apply)
      [32m+[0m[0m id             = (known after apply)
      [32m+[0m[0m name           = "alias/feedbackhub-dev-eks"
      [32m+[0m[0m name_prefix    = (known after apply)
      [32m+[0m[0m target_key_arn = (known after apply)
      [32m+[0m[0m target_key_id  = (known after apply)
    }

[1m  # module.eks_cluster.aws_kms_key.eks[0m will be created
[0m  [32m+[0m[0m resource "aws_kms_key" "eks" {
      [32m+[0m[0m arn                                = (known after apply)
      [32m+[0m[0m bypass_policy_lockout_safety_check = false
      [32m+[0m[0m customer_master_key_spec           = "SYMMETRIC_DEFAULT"
      [32m+[0m[0m deletion_window_in_days            = 7
      [32m+[0m[0m description                        = "EKS Secret Encryption Key for feedbackhub-dev"
      [32m+[0m[0m enable_key_rotation                = true
      [32m+[0m[0m id                                 = (known after apply)
      [32m+[0m[0m is_enabled                         = true
      [32m+[0m[0m key_id                             = (known after apply)
      [32m+[0m[0m key_usage                          = "ENCRYPT_DECRYPT"
      [32m+[0m[0m multi_region                       = (known after apply)
      [32m+[0m[0m policy                             = (known after apply)
      [32m+[0m[0m rotation_period_in_days            = (known after apply)
      [32m+[0m[0m tags                               = (known after apply)
      [32m+[0m[0m tags_all                           = (known after apply)
    }

[1m  # module.irsa.data.aws_caller_identity.current[0m will be read during apply
  # (depends on a resource or a module with changes pending)
[0m [36m<=[0m[0m data "aws_caller_identity" "current" {
      [32m+[0m[0m account_id = (known after apply)
      [32m+[0m[0m arn        = (known after apply)
      [32m+[0m[0m id         = (known after apply)
      [32m+[0m[0m user_id    = (known after apply)
    }

[1m  # module.irsa.data.aws_partition.current[0m will be read during apply
  # (depends on a resource or a module with changes pending)
[0m [36m<=[0m[0m data "aws_partition" "current" {
      [32m+[0m[0m dns_suffix         = (known after apply)
      [32m+[0m[0m id                 = (known after apply)
      [32m+[0m[0m partition          = (known after apply)
      [32m+[0m[0m reverse_dns_prefix = (known after apply)
    }

[1m  # module.irsa.aws_iam_role.alb_controller[0][0m will be created
[0m  [32m+[0m[0m resource "aws_iam_role" "alb_controller" {
      [32m+[0m[0m arn                   = (known after apply)
      [32m+[0m[0m assume_role_policy    = (known after apply)
      [32m+[0m[0m create_date           = (known after apply)
      [32m+[0m[0m description           = "IRSA role for ALB Ingress Controller"
      [32m+[0m[0m force_detach_policies = false
      [32m+[0m[0m id                    = (known after apply)
      [32m+[0m[0m managed_policy_arns   = (known after apply)
      [32m+[0m[0m max_session_duration  = 3600
      [32m+[0m[0m name                  = (known after apply)
      [32m+[0m[0m name_prefix           = (known after apply)
      [32m+[0m[0m path                  = "/"
      [32m+[0m[0m tags                  = (known after apply)
      [32m+[0m[0m tags_all              = (known after apply)
      [32m+[0m[0m unique_id             = (known after apply)

      [32m+[0m[0m inline_policy (known after apply)
    }

[1m  # module.irsa.aws_iam_role.ebs_csi_driver[0][0m will be created
[0m  [32m+[0m[0m resource "aws_iam_role" "ebs_csi_driver" {
      [32m+[0m[0m arn                   = (known after apply)
      [32m+[0m[0m assume_role_policy    = (known after apply)
      [32m+[0m[0m create_date           = (known after apply)
      [32m+[0m[0m description           = "IRSA role for EBS CSI Driver"
      [32m+[0m[0m force_detach_policies = false
      [32m+[0m[0m id                    = (known after apply)
      [32m+[0m[0m managed_policy_arns   = (known after apply)
      [32m+[0m[0m max_session_duration  = 3600
      [32m+[0m[0m name                  = (known after apply)
      [32m+[0m[0m name_prefix           = (known after apply)
      [32m+[0m[0m path                  = "/"
      [32m+[0m[0m tags                  = (known after apply)
      [32m+[0m[0m tags_all              = (known after apply)
      [32m+[0m[0m unique_id             = (known after apply)

      [32m+[0m[0m inline_policy (known after apply)
    }

[1m  # module.irsa.aws_iam_role.fluent_bit[0][0m will be created
[0m  [32m+[0m[0m resource "aws_iam_role" "fluent_bit" {
      [32m+[0m[0m arn                   = (known after apply)
      [32m+[0m[0m assume_role_policy    = (known after apply)
      [32m+[0m[0m create_date           = (known after apply)
      [32m+[0m[0m description           = "IRSA role for Fluent Bit"
      [32m+[0m[0m force_detach_policies = false
      [32m+[0m[0m id                    = (known after apply)
      [32m+[0m[0m managed_policy_arns   = (known after apply)
      [32m+[0m[0m max_session_duration  = 3600
      [32m+[0m[0m name                  = (known after apply)
      [32m+[0m[0m name_prefix           = (known after apply)
      [32m+[0m[0m path                  = "/"
      [32m+[0m[0m tags                  = (known after apply)
      [32m+[0m[0m tags_all              = (known after apply)
      [32m+[0m[0m unique_id             = (known after apply)

      [32m+[0m[0m inline_policy (known after apply)
    }

[1m  # module.irsa.aws_iam_role.grafana[0][0m will be created
[0m  [32m+[0m[0m resource "aws_iam_role" "grafana" {
      [32m+[0m[0m arn                   = (known after apply)
      [32m+[0m[0m assume_role_policy    = (known after apply)
      [32m+[0m[0m create_date           = (known after apply)
      [32m+[0m[0m description           = "IRSA role for Grafana"
      [32m+[0m[0m force_detach_policies = false
      [32m+[0m[0m id                    = (known after apply)
      [32m+[0m[0m managed_policy_arns   = (known after apply)
      [32m+[0m[0m max_session_duration  = 3600
      [32m+[0m[0m name                  = (known after apply)
      [32m+[0m[0m name_prefix           = (known after apply)
      [32m+[0m[0m path                  = "/"
      [32m+[0m[0m tags                  = (known after apply)
      [32m+[0m[0m tags_all              = (known after apply)
      [32m+[0m[0m unique_id             = (known after apply)

      [32m+[0m[0m inline_policy (known after apply)
    }

[1m  # module.irsa.aws_iam_role.irsa["fluent-bit"][0m will be created
[0m  [32m+[0m[0m resource "aws_iam_role" "irsa" {
      [32m+[0m[0m arn                   = (known after apply)
      [32m+[0m[0m assume_role_policy    = (known after apply)
      [32m+[0m[0m create_date           = (known after apply)
      [32m+[0m[0m description           = (known after apply)
      [32m+[0m[0m force_detach_policies = false
      [32m+[0m[0m id                    = (known after apply)
      [32m+[0m[0m managed_policy_arns   = (known after apply)
      [32m+[0m[0m max_session_duration  = 3600
      [32m+[0m[0m name                  = (known after apply)
      [32m+[0m[0m name_prefix           = (known after apply)
      [32m+[0m[0m path                  = "/"
      [32m+[0m[0m tags                  = (known after apply)
      [32m+[0m[0m tags_all              = (known after apply)
      [32m+[0m[0m unique_id             = (known after apply)

      [32m+[0m[0m inline_policy (known after apply)
    }

[1m  # module.irsa.aws_iam_role.irsa["grafana"][0m will be created
[0m  [32m+[0m[0m resource "aws_iam_role" "irsa" {
      [32m+[0m[0m arn                   = (known after apply)
      [32m+[0m[0m assume_role_policy    = (known after apply)
      [32m+[0m[0m create_date           = (known after apply)
      [32m+[0m[0m description           = (known after apply)
      [32m+[0m[0m force_detach_policies = false
      [32m+[0m[0m id                    = (known after apply)
      [32m+[0m[0m managed_policy_arns   = (known after apply)
      [32m+[0m[0m max_session_duration  = 3600
      [32m+[0m[0m name                  = (known after apply)
      [32m+[0m[0m name_prefix           = (known after apply)
      [32m+[0m[0m path                  = "/"
      [32m+[0m[0m tags                  = (known after apply)
      [32m+[0m[0m tags_all              = (known after apply)
      [32m+[0m[0m unique_id             = (known after apply)

      [32m+[0m[0m inline_policy (known after apply)
    }

[1m  # module.irsa.aws_iam_role.irsa["loki"][0m will be created
[0m  [32m+[0m[0m resource "aws_iam_role" "irsa" {
      [32m+[0m[0m arn                   = (known after apply)
      [32m+[0m[0m assume_role_policy    = (known after apply)
      [32m+[0m[0m create_date           = (known after apply)
      [32m+[0m[0m description           = (known after apply)
      [32m+[0m[0m force_detach_policies = false
      [32m+[0m[0m id                    = (known after apply)
      [32m+[0m[0m managed_policy_arns   = (known after apply)
      [32m+[0m[0m max_session_duration  = 3600
      [32m+[0m[0m name                  = (known after apply)
      [32m+[0m[0m name_prefix           = (known after apply)
      [32m+[0m[0m path                  = "/"
      [32m+[0m[0m tags                  = (known after apply)
      [32m+[0m[0m tags_all              = (known after apply)
      [32m+[0m[0m unique_id             = (known after apply)

      [32m+[0m[0m inline_policy (known after apply)
    }

[1m  # module.irsa.aws_iam_role.irsa["prometheus"][0m will be created
[0m  [32m+[0m[0m resource "aws_iam_role" "irsa" {
      [32m+[0m[0m arn                   = (known after apply)
      [32m+[0m[0m assume_role_policy    = (known after apply)
      [32m+[0m[0m create_date           = (known after apply)
      [32m+[0m[0m description           = (known after apply)
      [32m+[0m[0m force_detach_policies = false
      [32m+[0m[0m id                    = (known after apply)
      [32m+[0m[0m managed_policy_arns   = (known after apply)
      [32m+[0m[0m max_session_duration  = 3600
      [32m+[0m[0m name                  = (known after apply)
      [32m+[0m[0m name_prefix           = (known after apply)
      [32m+[0m[0m path                  = "/"
      [32m+[0m[0m tags                  = (known after apply)
      [32m+[0m[0m tags_all              = (known after apply)
      [32m+[0m[0m unique_id             = (known after apply)

      [32m+[0m[0m inline_policy (known after apply)
    }

[1m  # module.irsa.aws_iam_role.irsa["promtail"][0m will be created
[0m  [32m+[0m[0m resource "aws_iam_role" "irsa" {
      [32m+[0m[0m arn                   = (known after apply)
      [32m+[0m[0m assume_role_policy    = (known after apply)
      [32m+[0m[0m create_date           = (known after apply)
      [32m+[0m[0m description           = (known after apply)
      [32m+[0m[0m force_detach_policies = false
      [32m+[0m[0m id                    = (known after apply)
      [32m+[0m[0m managed_policy_arns   = (known after apply)
      [32m+[0m[0m max_session_duration  = 3600
      [32m+[0m[0m name                  = (known after apply)
      [32m+[0m[0m name_prefix           = (known after apply)
      [32m+[0m[0m path                  = "/"
      [32m+[0m[0m tags                  = (known after apply)
      [32m+[0m[0m tags_all              = (known after apply)
      [32m+[0m[0m unique_id             = (known after apply)

      [32m+[0m[0m inline_policy (known after apply)
    }

[1m  # module.irsa.aws_iam_role.loki[0][0m will be created
[0m  [32m+[0m[0m resource "aws_iam_role" "loki" {
      [32m+[0m[0m arn                   = (known after apply)
      [32m+[0m[0m assume_role_policy    = (known after apply)
      [32m+[0m[0m create_date           = (known after apply)
      [32m+[0m[0m description           = "IRSA role for Loki"
      [32m+[0m[0m force_detach_policies = false
      [32m+[0m[0m id                    = (known after apply)
      [32m+[0m[0m managed_policy_arns   = (known after apply)
      [32m+[0m[0m max_session_duration  = 3600
      [32m+[0m[0m name                  = (known after apply)
      [32m+[0m[0m name_prefix           = (known after apply)
      [32m+[0m[0m path                  = "/"
      [32m+[0m[0m tags                  = (known after apply)
      [32m+[0m[0m tags_all              = (known after apply)
      [32m+[0m[0m unique_id             = (known after apply)

      [32m+[0m[0m inline_policy (known after apply)
    }

[1m  # module.irsa.aws_iam_role.prometheus[0][0m will be created
[0m  [32m+[0m[0m resource "aws_iam_role" "prometheus" {
      [32m+[0m[0m arn                   = (known after apply)
      [32m+[0m[0m assume_role_policy    = (known after apply)
      [32m+[0m[0m create_date           = (known after apply)
      [32m+[0m[0m description           = "IRSA role for Prometheus"
      [32m+[0m[0m force_detach_policies = false
      [32m+[0m[0m id                    = (known after apply)
      [32m+[0m[0m managed_policy_arns   = (known after apply)
      [32m+[0m[0m max_session_duration  = 3600
      [32m+[0m[0m name                  = (known after apply)
      [32m+[0m[0m name_prefix           = (known after apply)
      [32m+[0m[0m path                  = "/"
      [32m+[0m[0m tags                  = (known after apply)
      [32m+[0m[0m tags_all              = (known after apply)
      [32m+[0m[0m unique_id             = (known after apply)

      [32m+[0m[0m inline_policy (known after apply)
    }

[1m  # module.irsa.aws_iam_role.promtail[0][0m will be created
[0m  [32m+[0m[0m resource "aws_iam_role" "promtail" {
      [32m+[0m[0m arn                   = (known after apply)
      [32m+[0m[0m assume_role_policy    = (known after apply)
      [32m+[0m[0m create_date           = (known after apply)
      [32m+[0m[0m description           = "IRSA role for Promtail"
      [32m+[0m[0m force_detach_policies = false
      [32m+[0m[0m id                    = (known after apply)
      [32m+[0m[0m managed_policy_arns   = (known after apply)
      [32m+[0m[0m max_session_duration  = 3600
      [32m+[0m[0m name                  = (known after apply)
      [32m+[0m[0m name_prefix           = (known after apply)
      [32m+[0m[0m path                  = "/"
      [32m+[0m[0m tags                  = (known after apply)
      [32m+[0m[0m tags_all              = (known after apply)
      [32m+[0m[0m unique_id             = (known after apply)

      [32m+[0m[0m inline_policy (known after apply)
    }

[1m  # module.irsa.aws_iam_role_policy.alb_controller[0][0m will be created
[0m  [32m+[0m[0m resource "aws_iam_role_policy" "alb_controller" {
      [32m+[0m[0m id          = (known after apply)
      [32m+[0m[0m name        = (known after apply)
      [32m+[0m[0m name_prefix = (known after apply)
      [32m+[0m[0m policy      = (known after apply)
      [32m+[0m[0m role        = (known after apply)
    }

[1m  # module.irsa.aws_iam_role_policy.fluent_bit[0][0m will be created
[0m  [32m+[0m[0m resource "aws_iam_role_policy" "fluent_bit" {
      [32m+[0m[0m id          = (known after apply)
      [32m+[0m[0m name        = (known after apply)
      [32m+[0m[0m name_prefix = (known after apply)
      [32m+[0m[0m policy      = jsonencode(
            {
              [32m+[0m[0m Statement = [
                  [32m+[0m[0m {
                      [32m+[0m[0m Action   = [
                          [32m+[0m[0m "logs:CreateLogGroup",
                          [32m+[0m[0m "logs:CreateLogStream",
                          [32m+[0m[0m "logs:PutLogEvents",
                          [32m+[0m[0m "logs:DescribeLogGroups",
                          [32m+[0m[0m "logs:DescribeLogStreams",
                        ]
                      [32m+[0m[0m Effect   = "Allow"
                      [32m+[0m[0m Resource = "*"
                    },
                ]
              [32m+[0m[0m Version   = "2012-10-17"
            }
        )
      [32m+[0m[0m role        = (known after apply)
    }

[1m  # module.irsa.aws_iam_role_policy.grafana[0][0m will be created
[0m  [32m+[0m[0m resource "aws_iam_role_policy" "grafana" {
      [32m+[0m[0m id          = (known after apply)
      [32m+[0m[0m name        = (known after apply)
      [32m+[0m[0m name_prefix = (known after apply)
      [32m+[0m[0m policy      = jsonencode(
            {
              [32m+[0m[0m Statement = [
                  [32m+[0m[0m {
                      [32m+[0m[0m Action   = [
                          [32m+[0m[0m "cloudwatch:DescribeAlarmsForMetric",
                          [32m+[0m[0m "cloudwatch:DescribeAlarmHistory",
                          [32m+[0m[0m "cloudwatch:DescribeAlarms",
                          [32m+[0m[0m "cloudwatch:ListMetrics",
                          [32m+[0m[0m "cloudwatch:GetMetricStatistics",
                          [32m+[0m[0m "cloudwatch:GetMetricData",
                          [32m+[0m[0m "logs:DescribeLogGroups",
                          [32m+[0m[0m "logs:DescribeLogStreams",
                          [32m+[0m[0m "logs:GetLogEvents",
                          [32m+[0m[0m "logs:StartQuery",
                          [32m+[0m[0m "logs:StopQuery",
                          [32m+[0m[0m "logs:GetQueryResults",
                          [32m+[0m[0m "logs:GetLogRecord",
                          [32m+[0m[0m "tag:GetResources",
                        ]
                      [32m+[0m[0m Effect   = "Allow"
                      [32m+[0m[0m Resource = "*"
                    },
                ]
              [32m+[0m[0m Version   = "2012-10-17"
            }
        )
      [32m+[0m[0m role        = (known after apply)
    }

[1m  # module.irsa.aws_iam_role_policy.loki[0][0m will be created
[0m  [32m+[0m[0m resource "aws_iam_role_policy" "loki" {
      [32m+[0m[0m id          = (known after apply)
      [32m+[0m[0m name        = (known after apply)
      [32m+[0m[0m name_prefix = (known after apply)
      [32m+[0m[0m policy      = (known after apply)
      [32m+[0m[0m role        = (known after apply)
    }

[1m  # module.irsa.aws_iam_role_policy.prometheus[0][0m will be created
[0m  [32m+[0m[0m resource "aws_iam_role_policy" "prometheus" {
      [32m+[0m[0m id          = (known after apply)
      [32m+[0m[0m name        = (known after apply)
      [32m+[0m[0m name_prefix = (known after apply)
      [32m+[0m[0m policy      = jsonencode(
            {
              [32m+[0m[0m Statement = [
                  [32m+[0m[0m {
                      [32m+[0m[0m Action   = [
                          [32m+[0m[0m "ec2:DescribeInstances",
                          [32m+[0m[0m "ec2:DescribeRegions",
                          [32m+[0m[0m "ec2:DescribeAvailabilityZones",
                          [32m+[0m[0m "ec2:DescribeSubnets",
                          [32m+[0m[0m "ec2:DescribeVpcs",
                          [32m+[0m[0m "ec2:DescribeSecurityGroups",
                          [32m+[0m[0m "eks:DescribeCluster",
                          [32m+[0m[0m "eks:ListClusters",
                        ]
                      [32m+[0m[0m Effect   = "Allow"
                      [32m+[0m[0m Resource = "*"
                    },
                ]
              [32m+[0m[0m Version   = "2012-10-17"
            }
        )
      [32m+[0m[0m role        = (known after apply)
    }

[1m  # module.irsa.aws_iam_role_policy_attachment.ebs_csi_driver[0][0m will be created
[0m  [32m+[0m[0m resource "aws_iam_role_policy_attachment" "ebs_csi_driver" {
      [32m+[0m[0m id         = (known after apply)
      [32m+[0m[0m policy_arn = (known after apply)
      [32m+[0m[0m role       = (known after apply)
    }

[1m  # module.irsa.aws_iam_role_policy_attachment.irsa_managed["fluent-bit-0"][0m will be created
[0m  [32m+[0m[0m resource "aws_iam_role_policy_attachment" "irsa_managed" {
      [32m+[0m[0m id         = (known after apply)
      [32m+[0m[0m policy_arn = "arn:aws:iam::aws:policy/CloudWatchLogsFullAccess"
      [32m+[0m[0m role       = (known after apply)
    }

[1m  # module.irsa.aws_iam_role_policy_attachment.irsa_managed["grafana-0"][0m will be created
[0m  [32m+[0m[0m resource "aws_iam_role_policy_attachment" "irsa_managed" {
      [32m+[0m[0m id         = (known after apply)
      [32m+[0m[0m policy_arn = "arn:aws:iam::aws:policy/CloudWatchReadOnlyAccess"
      [32m+[0m[0m role       = (known after apply)
    }

[1m  # module.irsa.aws_iam_role_policy_attachment.irsa_managed["loki-0"][0m will be created
[0m  [32m+[0m[0m resource "aws_iam_role_policy_attachment" "irsa_managed" {
      [32m+[0m[0m id         = (known after apply)
      [32m+[0m[0m policy_arn = "arn:aws:iam::aws:policy/CloudWatchLogsFullAccess"
      [32m+[0m[0m role       = (known after apply)
    }

[1m  # module.irsa.aws_iam_role_policy_attachment.irsa_managed["loki-1"][0m will be created
[0m  [32m+[0m[0m resource "aws_iam_role_policy_attachment" "irsa_managed" {
      [32m+[0m[0m id         = (known after apply)
      [32m+[0m[0m policy_arn = "arn:aws:iam::aws:policy/AmazonS3FullAccess"
      [32m+[0m[0m role       = (known after apply)
    }

[1m  # module.irsa.aws_iam_role_policy_attachment.irsa_managed["prometheus-0"][0m will be created
[0m  [32m+[0m[0m resource "aws_iam_role_policy_attachment" "irsa_managed" {
      [32m+[0m[0m id         = (known after apply)
      [32m+[0m[0m policy_arn = "arn:aws:iam::aws:policy/CloudWatchReadOnlyAccess"
      [32m+[0m[0m role       = (known after apply)
    }

[1m  # module.irsa.aws_iam_role_policy_attachment.irsa_managed["promtail-0"][0m will be created
[0m  [32m+[0m[0m resource "aws_iam_role_policy_attachment" "irsa_managed" {
      [32m+[0m[0m id         = (known after apply)
      [32m+[0m[0m policy_arn = "arn:aws:iam::aws:policy/CloudWatchLogsFullAccess"
      [32m+[0m[0m role       = (known after apply)
    }

[1m  # module.network.aws_eip.nat[0][0m will be created
[0m  [32m+[0m[0m resource "aws_eip" "nat" {
      [32m+[0m[0m allocation_id        = (known after apply)
      [32m+[0m[0m arn                  = (known after apply)
      [32m+[0m[0m association_id       = (known after apply)
      [32m+[0m[0m carrier_ip           = (known after apply)
      [32m+[0m[0m customer_owned_ip    = (known after apply)
      [32m+[0m[0m domain               = "vpc"
      [32m+[0m[0m id                   = (known after apply)
      [32m+[0m[0m instance             = (known after apply)
      [32m+[0m[0m ipam_pool_id         = (known after apply)
      [32m+[0m[0m network_border_group = (known after apply)
      [32m+[0m[0m network_interface    = (known after apply)
      [32m+[0m[0m private_dns          = (known after apply)
      [32m+[0m[0m private_ip           = (known after apply)
      [32m+[0m[0m ptr_record           = (known after apply)
      [32m+[0m[0m public_dns           = (known after apply)
      [32m+[0m[0m public_ip            = (known after apply)
      [32m+[0m[0m public_ipv4_pool     = (known after apply)
      [32m+[0m[0m tags                 = (known after apply)
      [32m+[0m[0m tags_all             = (known after apply)
      [32m+[0m[0m vpc                  = (known after apply)
    }

[1m  # module.network.aws_eip.nat[1][0m will be created
[0m  [32m+[0m[0m resource "aws_eip" "nat" {
      [32m+[0m[0m allocation_id        = (known after apply)
      [32m+[0m[0m arn                  = (known after apply)
      [32m+[0m[0m association_id       = (known after apply)
      [32m+[0m[0m carrier_ip           = (known after apply)
      [32m+[0m[0m customer_owned_ip    = (known after apply)
      [32m+[0m[0m domain               = "vpc"
      [32m+[0m[0m id                   = (known after apply)
      [32m+[0m[0m instance             = (known after apply)
      [32m+[0m[0m ipam_pool_id         = (known after apply)
      [32m+[0m[0m network_border_group = (known after apply)
      [32m+[0m[0m network_interface    = (known after apply)
      [32m+[0m[0m private_dns          = (known after apply)
      [32m+[0m[0m private_ip           = (known after apply)
      [32m+[0m[0m ptr_record           = (known after apply)
      [32m+[0m[0m public_dns           = (known after apply)
      [32m+[0m[0m public_ip            = (known after apply)
      [32m+[0m[0m public_ipv4_pool     = (known after apply)
      [32m+[0m[0m tags                 = (known after apply)
      [32m+[0m[0m tags_all             = (known after apply)
      [32m+[0m[0m vpc                  = (known after apply)
    }

[1m  # module.network.aws_internet_gateway.main[0m will be created
[0m  [32m+[0m[0m resource "aws_internet_gateway" "main" {
      [32m+[0m[0m arn      = (known after apply)
      [32m+[0m[0m id       = (known after apply)
      [32m+[0m[0m owner_id = (known after apply)
      [32m+[0m[0m tags     = (known after apply)
      [32m+[0m[0m tags_all = (known after apply)
      [32m+[0m[0m vpc_id   = (known after apply)
    }

[1m  # module.network.aws_nat_gateway.main[0][0m will be created
[0m  [32m+[0m[0m resource "aws_nat_gateway" "main" {
      [32m+[0m[0m allocation_id                      = (known after apply)
      [32m+[0m[0m association_id                     = (known after apply)
      [32m+[0m[0m connectivity_type                  = "public"
      [32m+[0m[0m id                                 = (known after apply)
      [32m+[0m[0m network_interface_id               = (known after apply)
      [32m+[0m[0m private_ip                         = (known after apply)
      [32m+[0m[0m public_ip                          = (known after apply)
      [32m+[0m[0m secondary_private_ip_address_count = (known after apply)
      [32m+[0m[0m secondary_private_ip_addresses     = (known after apply)
      [32m+[0m[0m subnet_id                          = (known after apply)
      [32m+[0m[0m tags                               = (known after apply)
      [32m+[0m[0m tags_all                           = (known after apply)
    }

[1m  # module.network.aws_nat_gateway.main[1][0m will be created
[0m  [32m+[0m[0m resource "aws_nat_gateway" "main" {
      [32m+[0m[0m allocation_id                      = (known after apply)
      [32m+[0m[0m association_id                     = (known after apply)
      [32m+[0m[0m connectivity_type                  = "public"
      [32m+[0m[0m id                                 = (known after apply)
      [32m+[0m[0m network_interface_id               = (known after apply)
      [32m+[0m[0m private_ip                         = (known after apply)
      [32m+[0m[0m public_ip                          = (known after apply)
      [32m+[0m[0m secondary_private_ip_address_count = (known after apply)
      [32m+[0m[0m secondary_private_ip_addresses     = (known after apply)
      [32m+[0m[0m subnet_id                          = (known after apply)
      [32m+[0m[0m tags                               = (known after apply)
      [32m+[0m[0m tags_all                           = (known after apply)
    }

[1m  # module.network.aws_route_table.private[0][0m will be created
[0m  [32m+[0m[0m resource "aws_route_table" "private" {
      [32m+[0m[0m arn              = (known after apply)
      [32m+[0m[0m id               = (known after apply)
      [32m+[0m[0m owner_id         = (known after apply)
      [32m+[0m[0m propagating_vgws = (known after apply)
      [32m+[0m[0m route            = [
          [32m+[0m[0m {
              [32m+[0m[0m cidr_block                 = "0.0.0.0/0"
              [32m+[0m[0m nat_gateway_id             = (known after apply)
                [90m# (11 unchanged attributes hidden)[0m[0m
            },
        ]
      [32m+[0m[0m tags             = (known after apply)
      [32m+[0m[0m tags_all         = (known after apply)
      [32m+[0m[0m vpc_id           = (known after apply)
    }

[1m  # module.network.aws_route_table.private[1][0m will be created
[0m  [32m+[0m[0m resource "aws_route_table" "private" {
      [32m+[0m[0m arn              = (known after apply)
      [32m+[0m[0m id               = (known after apply)
      [32m+[0m[0m owner_id         = (known after apply)
      [32m+[0m[0m propagating_vgws = (known after apply)
      [32m+[0m[0m route            = [
          [32m+[0m[0m {
              [32m+[0m[0m cidr_block                 = "0.0.0.0/0"
              [32m+[0m[0m nat_gateway_id             = (known after apply)
                [90m# (11 unchanged attributes hidden)[0m[0m
            },
        ]
      [32m+[0m[0m tags             = (known after apply)
      [32m+[0m[0m tags_all         = (known after apply)
      [32m+[0m[0m vpc_id           = (known after apply)
    }

[1m  # module.network.aws_route_table.public[0m will be created
[0m  [32m+[0m[0m resource "aws_route_table" "public" {
      [32m+[0m[0m arn              = (known after apply)
      [32m+[0m[0m id               = (known after apply)
      [32m+[0m[0m owner_id         = (known after apply)
      [32m+[0m[0m propagating_vgws = (known after apply)
      [32m+[0m[0m route            = [
          [32m+[0m[0m {
              [32m+[0m[0m cidr_block                 = "0.0.0.0/0"
              [32m+[0m[0m gateway_id                 = (known after apply)
                [90m# (11 unchanged attributes hidden)[0m[0m
            },
        ]
      [32m+[0m[0m tags             = (known after apply)
      [32m+[0m[0m tags_all         = (known after apply)
      [32m+[0m[0m vpc_id           = (known after apply)
    }

[1m  # module.network.aws_route_table_association.private[0][0m will be created
[0m  [32m+[0m[0m resource "aws_route_table_association" "private" {
      [32m+[0m[0m id             = (known after apply)
      [32m+[0m[0m route_table_id = (known after apply)
      [32m+[0m[0m subnet_id      = (known after apply)
    }

[1m  # module.network.aws_route_table_association.private[1][0m will be created
[0m  [32m+[0m[0m resource "aws_route_table_association" "private" {
      [32m+[0m[0m id             = (known after apply)
      [32m+[0m[0m route_table_id = (known after apply)
      [32m+[0m[0m subnet_id      = (known after apply)
    }

[1m  # module.network.aws_route_table_association.public[0][0m will be created
[0m  [32m+[0m[0m resource "aws_route_table_association" "public" {
      [32m+[0m[0m id             = (known after apply)
      [32m+[0m[0m route_table_id = (known after apply)
      [32m+[0m[0m subnet_id      = (known after apply)
    }

[1m  # module.network.aws_route_table_association.public[1][0m will be created
[0m  [32m+[0m[0m resource "aws_route_table_association" "public" {
      [32m+[0m[0m id             = (known after apply)
      [32m+[0m[0m route_table_id = (known after apply)
      [32m+[0m[0m subnet_id      = (known after apply)
    }

[1m  # module.network.aws_security_group.alb[0m will be created
[0m  [32m+[0m[0m resource "aws_security_group" "alb" {
      [32m+[0m[0m arn                    = (known after apply)
      [32m+[0m[0m description            = "Security group for Application Load Balancer"
      [32m+[0m[0m egress                 = (known after apply)
      [32m+[0m[0m id                     = (known after apply)
      [32m+[0m[0m ingress                = (known after apply)
      [32m+[0m[0m name                   = (known after apply)
      [32m+[0m[0m name_prefix            = "feedbackhub-dev-alb-"
      [32m+[0m[0m owner_id               = (known after apply)
      [32m+[0m[0m revoke_rules_on_delete = false
      [32m+[0m[0m tags                   = (known after apply)
      [32m+[0m[0m tags_all               = (known after apply)
      [32m+[0m[0m vpc_id                 = (known after apply)
    }

[1m  # module.network.aws_security_group.cluster[0m will be created
[0m  [32m+[0m[0m resource "aws_security_group" "cluster" {
      [32m+[0m[0m arn                    = (known after apply)
      [32m+[0m[0m description            = "Security group for EKS cluster control plane"
      [32m+[0m[0m egress                 = (known after apply)
      [32m+[0m[0m id                     = (known after apply)
      [32m+[0m[0m ingress                = (known after apply)
      [32m+[0m[0m name                   = (known after apply)
      [32m+[0m[0m name_prefix            = "feedbackhub-dev-cluster-"
      [32m+[0m[0m owner_id               = (known after apply)
      [32m+[0m[0m revoke_rules_on_delete = false
      [32m+[0m[0m tags                   = (known after apply)
      [32m+[0m[0m tags_all               = (known after apply)
      [32m+[0m[0m vpc_id                 = (known after apply)
    }

[1m  # module.network.aws_security_group.node_group[0m will be created
[0m  [32m+[0m[0m resource "aws_security_group" "node_group" {
      [32m+[0m[0m arn                    = (known after apply)
      [32m+[0m[0m description            = "Security group for EKS node groups"
      [32m+[0m[0m egress                 = (known after apply)
      [32m+[0m[0m id                     = (known after apply)
      [32m+[0m[0m ingress                = (known after apply)
      [32m+[0m[0m name                   = (known after apply)
      [32m+[0m[0m name_prefix            = "feedbackhub-dev-node-group-"
      [32m+[0m[0m owner_id               = (known after apply)
      [32m+[0m[0m revoke_rules_on_delete = false
      [32m+[0m[0m tags                   = (known after apply)
      [32m+[0m[0m tags_all               = (known after apply)
      [32m+[0m[0m vpc_id                 = (known after apply)
    }

[1m  # module.network.aws_security_group.workstation[0m will be created
[0m  [32m+[0m[0m resource "aws_security_group" "workstation" {
      [32m+[0m[0m arn                    = (known after apply)
      [32m+[0m[0m description            = "Security group for workstation access to EKS"
      [32m+[0m[0m egress                 = (known after apply)
      [32m+[0m[0m id                     = (known after apply)
      [32m+[0m[0m ingress                = (known after apply)
      [32m+[0m[0m name                   = (known after apply)
      [32m+[0m[0m name_prefix            = "feedbackhub-dev-workstation-"
      [32m+[0m[0m owner_id               = (known after apply)
      [32m+[0m[0m revoke_rules_on_delete = false
      [32m+[0m[0m tags                   = (known after apply)
      [32m+[0m[0m tags_all               = (known after apply)
      [32m+[0m[0m vpc_id                 = (known after apply)
    }

[1m  # module.network.aws_subnet.private[0][0m will be created
[0m  [32m+[0m[0m resource "aws_subnet" "private" {
      [32m+[0m[0m arn                                            = (known after apply)
      [32m+[0m[0m assign_ipv6_address_on_creation                = false
      [32m+[0m[0m availability_zone                              = "us-east-1a"
      [32m+[0m[0m availability_zone_id                           = (known after apply)
      [32m+[0m[0m cidr_block                                     = "10.1.0.0/24"
      [32m+[0m[0m enable_dns64                                   = false
      [32m+[0m[0m enable_resource_name_dns_a_record_on_launch    = false
      [32m+[0m[0m enable_resource_name_dns_aaaa_record_on_launch = false
      [32m+[0m[0m id                                             = (known after apply)
      [32m+[0m[0m ipv6_cidr_block_association_id                 = (known after apply)
      [32m+[0m[0m ipv6_native                                    = false
      [32m+[0m[0m map_public_ip_on_launch                        = false
      [32m+[0m[0m owner_id                                       = (known after apply)
      [32m+[0m[0m private_dns_hostname_type_on_launch            = (known after apply)
      [32m+[0m[0m tags                                           = (known after apply)
      [32m+[0m[0m tags_all                                       = (known after apply)
      [32m+[0m[0m vpc_id                                         = (known after apply)
    }

[1m  # module.network.aws_subnet.private[1][0m will be created
[0m  [32m+[0m[0m resource "aws_subnet" "private" {
      [32m+[0m[0m arn                                            = (known after apply)
      [32m+[0m[0m assign_ipv6_address_on_creation                = false
      [32m+[0m[0m availability_zone                              = "us-east-1b"
      [32m+[0m[0m availability_zone_id                           = (known after apply)
      [32m+[0m[0m cidr_block                                     = "10.1.1.0/24"
      [32m+[0m[0m enable_dns64                                   = false
      [32m+[0m[0m enable_resource_name_dns_a_record_on_launch    = false
      [32m+[0m[0m enable_resource_name_dns_aaaa_record_on_launch = false
      [32m+[0m[0m id                                             = (known after apply)
      [32m+[0m[0m ipv6_cidr_block_association_id                 = (known after apply)
      [32m+[0m[0m ipv6_native                                    = false
      [32m+[0m[0m map_public_ip_on_launch                        = false
      [32m+[0m[0m owner_id                                       = (known after apply)
      [32m+[0m[0m private_dns_hostname_type_on_launch            = (known after apply)
      [32m+[0m[0m tags                                           = (known after apply)
      [32m+[0m[0m tags_all                                       = (known after apply)
      [32m+[0m[0m vpc_id                                         = (known after apply)
    }

[1m  # module.network.aws_subnet.public[0][0m will be created
[0m  [32m+[0m[0m resource "aws_subnet" "public" {
      [32m+[0m[0m arn                                            = (known after apply)
      [32m+[0m[0m assign_ipv6_address_on_creation                = false
      [32m+[0m[0m availability_zone                              = "us-east-1a"
      [32m+[0m[0m availability_zone_id                           = (known after apply)
      [32m+[0m[0m cidr_block                                     = "10.1.10.0/24"
      [32m+[0m[0m enable_dns64                                   = false
      [32m+[0m[0m enable_resource_name_dns_a_record_on_launch    = false
      [32m+[0m[0m enable_resource_name_dns_aaaa_record_on_launch = false
      [32m+[0m[0m id                                             = (known after apply)
      [32m+[0m[0m ipv6_cidr_block_association_id                 = (known after apply)
      [32m+[0m[0m ipv6_native                                    = false
      [32m+[0m[0m map_public_ip_on_launch                        = true
      [32m+[0m[0m owner_id                                       = (known after apply)
      [32m+[0m[0m private_dns_hostname_type_on_launch            = (known after apply)
      [32m+[0m[0m tags                                           = (known after apply)
      [32m+[0m[0m tags_all                                       = (known after apply)
      [32m+[0m[0m vpc_id                                         = (known after apply)
    }

[1m  # module.network.aws_subnet.public[1][0m will be created
[0m  [32m+[0m[0m resource "aws_subnet" "public" {
      [32m+[0m[0m arn                                            = (known after apply)
      [32m+[0m[0m assign_ipv6_address_on_creation                = false
      [32m+[0m[0m availability_zone                              = "us-east-1b"
      [32m+[0m[0m availability_zone_id                           = (known after apply)
      [32m+[0m[0m cidr_block                                     = "10.1.11.0/24"
      [32m+[0m[0m enable_dns64                                   = false
      [32m+[0m[0m enable_resource_name_dns_a_record_on_launch    = false
      [32m+[0m[0m enable_resource_name_dns_aaaa_record_on_launch = false
      [32m+[0m[0m id                                             = (known after apply)
      [32m+[0m[0m ipv6_cidr_block_association_id                 = (known after apply)
      [32m+[0m[0m ipv6_native                                    = false
      [32m+[0m[0m map_public_ip_on_launch                        = true
      [32m+[0m[0m owner_id                                       = (known after apply)
      [32m+[0m[0m private_dns_hostname_type_on_launch            = (known after apply)
      [32m+[0m[0m tags                                           = (known after apply)
      [32m+[0m[0m tags_all                                       = (known after apply)
      [32m+[0m[0m vpc_id                                         = (known after apply)
    }

[1m  # module.network.aws_vpc.main[0m will be created
[0m  [32m+[0m[0m resource "aws_vpc" "main" {
      [32m+[0m[0m arn                                  = (known after apply)
      [32m+[0m[0m cidr_block                           = "10.1.0.0/16"
      [32m+[0m[0m default_network_acl_id               = (known after apply)
      [32m+[0m[0m default_route_table_id               = (known after apply)
      [32m+[0m[0m default_security_group_id            = (known after apply)
      [32m+[0m[0m dhcp_options_id                      = (known after apply)
      [32m+[0m[0m enable_dns_hostnames                 = true
      [32m+[0m[0m enable_dns_support                   = true
      [32m+[0m[0m enable_network_address_usage_metrics = (known after apply)
      [32m+[0m[0m id                                   = (known after apply)
      [32m+[0m[0m instance_tenancy                     = "default"
      [32m+[0m[0m ipv6_association_id                  = (known after apply)
      [32m+[0m[0m ipv6_cidr_block                      = (known after apply)
      [32m+[0m[0m ipv6_cidr_block_network_border_group = (known after apply)
      [32m+[0m[0m main_route_table_id                  = (known after apply)
      [32m+[0m[0m owner_id                             = (known after apply)
      [32m+[0m[0m tags                                 = (known after apply)
      [32m+[0m[0m tags_all                             = (known after apply)
    }

[1m  # module.network.aws_vpc_security_group_egress_rule.alb_egress_node_group[0m will be created
[0m  [32m+[0m[0m resource "aws_vpc_security_group_egress_rule" "alb_egress_node_group" {
      [32m+[0m[0m arn                          = (known after apply)
      [32m+[0m[0m description                  = "Allow ALB to communicate with node groups"
      [32m+[0m[0m from_port                    = 30000
      [32m+[0m[0m id                           = (known after apply)
      [32m+[0m[0m ip_protocol                  = "tcp"
      [32m+[0m[0m referenced_security_group_id = (known after apply)
      [32m+[0m[0m security_group_id            = (known after apply)
      [32m+[0m[0m security_group_rule_id       = (known after apply)
      [32m+[0m[0m tags_all                     = {
          [32m+[0m[0m "AutoShutdown" = "true"
          [32m+[0m[0m "CostCenter"   = "engineering"
          [32m+[0m[0m "Environment"  = "dev"
          [32m+[0m[0m "ManagedBy"    = "terraform"
          [32m+[0m[0m "Owner"        = "development-team"
          [32m+[0m[0m "Project"      = "feedbackhub"
        }
      [32m+[0m[0m to_port                      = 65535
    }

[1m  # module.network.aws_vpc_security_group_egress_rule.cluster_egress_internet[0m will be created
[0m  [32m+[0m[0m resource "aws_vpc_security_group_egress_rule" "cluster_egress_internet" {
      [32m+[0m[0m arn                    = (known after apply)
      [32m+[0m[0m cidr_ipv4              = "0.0.0.0/0"
      [32m+[0m[0m description            = "Allow cluster egress access to the Internet"
      [32m+[0m[0m id                     = (known after apply)
      [32m+[0m[0m ip_protocol            = "-1"
      [32m+[0m[0m security_group_id      = (known after apply)
      [32m+[0m[0m security_group_rule_id = (known after apply)
      [32m+[0m[0m tags_all               = {
          [32m+[0m[0m "AutoShutdown" = "true"
          [32m+[0m[0m "CostCenter"   = "engineering"
          [32m+[0m[0m "Environment"  = "dev"
          [32m+[0m[0m "ManagedBy"    = "terraform"
          [32m+[0m[0m "Owner"        = "development-team"
          [32m+[0m[0m "Project"      = "feedbackhub"
        }
    }

[1m  # module.network.aws_vpc_security_group_egress_rule.node_group_egress_internet[0m will be created
[0m  [32m+[0m[0m resource "aws_vpc_security_group_egress_rule" "node_group_egress_internet" {
      [32m+[0m[0m arn                    = (known after apply)
      [32m+[0m[0m cidr_ipv4              = "0.0.0.0/0"
      [32m+[0m[0m description            = "Allow nodes egress access to the Internet"
      [32m+[0m[0m id                     = (known after apply)
      [32m+[0m[0m ip_protocol            = "-1"
      [32m+[0m[0m security_group_id      = (known after apply)
      [32m+[0m[0m security_group_rule_id = (known after apply)
      [32m+[0m[0m tags_all               = {
          [32m+[0m[0m "AutoShutdown" = "true"
          [32m+[0m[0m "CostCenter"   = "engineering"
          [32m+[0m[0m "Environment"  = "dev"
          [32m+[0m[0m "ManagedBy"    = "terraform"
          [32m+[0m[0m "Owner"        = "development-team"
          [32m+[0m[0m "Project"      = "feedbackhub"
        }
    }

[1m  # module.network.aws_vpc_security_group_egress_rule.workstation_egress_internet[0m will be created
[0m  [32m+[0m[0m resource "aws_vpc_security_group_egress_rule" "workstation_egress_internet" {
      [32m+[0m[0m arn                    = (known after apply)
      [32m+[0m[0m cidr_ipv4              = "0.0.0.0/0"
      [32m+[0m[0m description            = "Allow workstation egress access to the Internet"
      [32m+[0m[0m id                     = (known after apply)
      [32m+[0m[0m ip_protocol            = "-1"
      [32m+[0m[0m security_group_id      = (known after apply)
      [32m+[0m[0m security_group_rule_id = (known after apply)
      [32m+[0m[0m tags_all               = {
          [32m+[0m[0m "AutoShutdown" = "true"
          [32m+[0m[0m "CostCenter"   = "engineering"
          [32m+[0m[0m "Environment"  = "dev"
          [32m+[0m[0m "ManagedBy"    = "terraform"
          [32m+[0m[0m "Owner"        = "development-team"
          [32m+[0m[0m "Project"      = "feedbackhub"
        }
    }

[1m  # module.network.aws_vpc_security_group_ingress_rule.alb_ingress_http[0m will be created
[0m  [32m+[0m[0m resource "aws_vpc_security_group_ingress_rule" "alb_ingress_http" {
      [32m+[0m[0m arn                    = (known after apply)
      [32m+[0m[0m cidr_ipv4              = "0.0.0.0/0"
      [32m+[0m[0m description            = "Allow HTTP traffic"
      [32m+[0m[0m from_port              = 80
      [32m+[0m[0m id                     = (known after apply)
      [32m+[0m[0m ip_protocol            = "tcp"
      [32m+[0m[0m security_group_id      = (known after apply)
      [32m+[0m[0m security_group_rule_id = (known after apply)
      [32m+[0m[0m tags_all               = {
          [32m+[0m[0m "AutoShutdown" = "true"
          [32m+[0m[0m "CostCenter"   = "engineering"
          [32m+[0m[0m "Environment"  = "dev"
          [32m+[0m[0m "ManagedBy"    = "terraform"
          [32m+[0m[0m "Owner"        = "development-team"
          [32m+[0m[0m "Project"      = "feedbackhub"
        }
      [32m+[0m[0m to_port                = 80
    }

[1m  # module.network.aws_vpc_security_group_ingress_rule.alb_ingress_https[0m will be created
[0m  [32m+[0m[0m resource "aws_vpc_security_group_ingress_rule" "alb_ingress_https" {
      [32m+[0m[0m arn                    = (known after apply)
      [32m+[0m[0m cidr_ipv4              = "0.0.0.0/0"
      [32m+[0m[0m description            = "Allow HTTPS traffic"
      [32m+[0m[0m from_port              = 443
      [32m+[0m[0m id                     = (known after apply)
      [32m+[0m[0m ip_protocol            = "tcp"
      [32m+[0m[0m security_group_id      = (known after apply)
      [32m+[0m[0m security_group_rule_id = (known after apply)
      [32m+[0m[0m tags_all               = {
          [32m+[0m[0m "AutoShutdown" = "true"
          [32m+[0m[0m "CostCenter"   = "engineering"
          [32m+[0m[0m "Environment"  = "dev"
          [32m+[0m[0m "ManagedBy"    = "terraform"
          [32m+[0m[0m "Owner"        = "development-team"
          [32m+[0m[0m "Project"      = "feedbackhub"
        }
      [32m+[0m[0m to_port                = 443
    }

[1m  # module.network.aws_vpc_security_group_ingress_rule.cluster_ingress_workstation_https[0m will be created
[0m  [32m+[0m[0m resource "aws_vpc_security_group_ingress_rule" "cluster_ingress_workstation_https" {
      [32m+[0m[0m arn                          = (known after apply)
      [32m+[0m[0m description                  = "Allow workstation to communicate with the cluster API Server"
      [32m+[0m[0m from_port                    = 443
      [32m+[0m[0m id                           = (known after apply)
      [32m+[0m[0m ip_protocol                  = "tcp"
      [32m+[0m[0m referenced_security_group_id = (known after apply)
      [32m+[0m[0m security_group_id            = (known after apply)
      [32m+[0m[0m security_group_rule_id       = (known after apply)
      [32m+[0m[0m tags_all                     = {
          [32m+[0m[0m "AutoShutdown" = "true"
          [32m+[0m[0m "CostCenter"   = "engineering"
          [32m+[0m[0m "Environment"  = "dev"
          [32m+[0m[0m "ManagedBy"    = "terraform"
          [32m+[0m[0m "Owner"        = "development-team"
          [32m+[0m[0m "Project"      = "feedbackhub"
        }
      [32m+[0m[0m to_port                      = 443
    }

[1m  # module.network.aws_vpc_security_group_ingress_rule.node_group_ingress_alb[0m will be created
[0m  [32m+[0m[0m resource "aws_vpc_security_group_ingress_rule" "node_group_ingress_alb" {
      [32m+[0m[0m arn                          = (known after apply)
      [32m+[0m[0m description                  = "Allow ALB to communicate with node groups"
      [32m+[0m[0m from_port                    = 30000
      [32m+[0m[0m id                           = (known after apply)
      [32m+[0m[0m ip_protocol                  = "tcp"
      [32m+[0m[0m referenced_security_group_id = (known after apply)
      [32m+[0m[0m security_group_id            = (known after apply)
      [32m+[0m[0m security_group_rule_id       = (known after apply)
      [32m+[0m[0m tags_all                     = {
          [32m+[0m[0m "AutoShutdown" = "true"
          [32m+[0m[0m "CostCenter"   = "engineering"
          [32m+[0m[0m "Environment"  = "dev"
          [32m+[0m[0m "ManagedBy"    = "terraform"
          [32m+[0m[0m "Owner"        = "development-team"
          [32m+[0m[0m "Project"      = "feedbackhub"
        }
      [32m+[0m[0m to_port                      = 65535
    }

[1m  # module.network.aws_vpc_security_group_ingress_rule.node_group_ingress_cluster_443[0m will be created
[0m  [32m+[0m[0m resource "aws_vpc_security_group_ingress_rule" "node_group_ingress_cluster_443" {
      [32m+[0m[0m arn                          = (known after apply)
      [32m+[0m[0m description                  = "Allow pods to communicate with the cluster API Server"
      [32m+[0m[0m from_port                    = 443
      [32m+[0m[0m id                           = (known after apply)
      [32m+[0m[0m ip_protocol                  = "tcp"
      [32m+[0m[0m referenced_security_group_id = (known after apply)
      [32m+[0m[0m security_group_id            = (known after apply)
      [32m+[0m[0m security_group_rule_id       = (known after apply)
      [32m+[0m[0m tags_all                     = {
          [32m+[0m[0m "AutoShutdown" = "true"
          [32m+[0m[0m "CostCenter"   = "engineering"
          [32m+[0m[0m "Environment"  = "dev"
          [32m+[0m[0m "ManagedBy"    = "terraform"
          [32m+[0m[0m "Owner"        = "development-team"
          [32m+[0m[0m "Project"      = "feedbackhub"
        }
      [32m+[0m[0m to_port                      = 443
    }

[1m  # module.network.aws_vpc_security_group_ingress_rule.node_group_ingress_cluster_kubelet[0m will be created
[0m  [32m+[0m[0m resource "aws_vpc_security_group_ingress_rule" "node_group_ingress_cluster_kubelet" {
      [32m+[0m[0m arn                          = (known after apply)
      [32m+[0m[0m description                  = "Allow cluster control plane to communicate with worker node kubelet"
      [32m+[0m[0m from_port                    = 10250
      [32m+[0m[0m id                           = (known after apply)
      [32m+[0m[0m ip_protocol                  = "tcp"
      [32m+[0m[0m referenced_security_group_id = (known after apply)
      [32m+[0m[0m security_group_id            = (known after apply)
      [32m+[0m[0m security_group_rule_id       = (known after apply)
      [32m+[0m[0m tags_all                     = {
          [32m+[0m[0m "AutoShutdown" = "true"
          [32m+[0m[0m "CostCenter"   = "engineering"
          [32m+[0m[0m "Environment"  = "dev"
          [32m+[0m[0m "ManagedBy"    = "terraform"
          [32m+[0m[0m "Owner"        = "development-team"
          [32m+[0m[0m "Project"      = "feedbackhub"
        }
      [32m+[0m[0m to_port                      = 10250
    }

[1m  # module.network.aws_vpc_security_group_ingress_rule.node_group_ingress_self[0m will be created
[0m  [32m+[0m[0m resource "aws_vpc_security_group_ingress_rule" "node_group_ingress_self" {
      [32m+[0m[0m arn                          = (known after apply)
      [32m+[0m[0m description                  = "Allow nodes to communicate with each other"
      [32m+[0m[0m id                           = (known after apply)
      [32m+[0m[0m ip_protocol                  = "-1"
      [32m+[0m[0m referenced_security_group_id = (known after apply)
      [32m+[0m[0m security_group_id            = (known after apply)
      [32m+[0m[0m security_group_rule_id       = (known after apply)
      [32m+[0m[0m tags_all                     = {
          [32m+[0m[0m "AutoShutdown" = "true"
          [32m+[0m[0m "CostCenter"   = "engineering"
          [32m+[0m[0m "Environment"  = "dev"
          [32m+[0m[0m "ManagedBy"    = "terraform"
          [32m+[0m[0m "Owner"        = "development-team"
          [32m+[0m[0m "Project"      = "feedbackhub"
        }
    }

[1m  # module.node_groups.data.aws_ssm_parameter.eks_ami_release_version[0m will be read during apply
  # (depends on a resource or a module with changes pending)
[0m [36m<=[0m[0m data "aws_ssm_parameter" "eks_ami_release_version" {
      [32m+[0m[0m arn            = (known after apply)
      [32m+[0m[0m id             = (known after apply)
      [32m+[0m[0m insecure_value = (known after apply)
      [32m+[0m[0m name           = "/aws/service/eks/optimized-ami/1.29/amazon-linux-2/recommended/release_version"
      [32m+[0m[0m type           = (known after apply)
      [32m+[0m[0m value          = (sensitive value)
      [32m+[0m[0m version        = (known after apply)
    }

[1m  # module.node_groups.aws_eks_node_group.main["general"][0m will be created
[0m  [32m+[0m[0m resource "aws_eks_node_group" "main" {
      [32m+[0m[0m ami_type               = "AL2_x86_64"
      [32m+[0m[0m arn                    = (known after apply)
      [32m+[0m[0m capacity_type          = "ON_DEMAND"
      [32m+[0m[0m cluster_name           = (known after apply)
      [32m+[0m[0m disk_size              = (known after apply)
      [32m+[0m[0m id                     = (known after apply)
      [32m+[0m[0m instance_types         = [
          [32m+[0m[0m "t3.small",
        ]
      [32m+[0m[0m labels                 = (known after apply)
      [32m+[0m[0m node_group_name        = "general"
      [32m+[0m[0m node_group_name_prefix = (known after apply)
      [32m+[0m[0m node_role_arn          = (known after apply)
      [32m+[0m[0m release_version        = (known after apply)
      [32m+[0m[0m resources              = (known after apply)
      [32m+[0m[0m status                 = (known after apply)
      [32m+[0m[0m subnet_ids             = (known after apply)
      [32m+[0m[0m tags                   = (known after apply)
      [32m+[0m[0m tags_all               = (known after apply)
      [32m+[0m[0m version                = (known after apply)

      [32m+[0m[0m launch_template {
          [32m+[0m[0m id      = (known after apply)
          [32m+[0m[0m name    = (known after apply)
          [32m+[0m[0m version = (known after apply)
        }

      [32m+[0m[0m node_repair_config (known after apply)

      [32m+[0m[0m scaling_config {
          [32m+[0m[0m desired_size = 1
          [32m+[0m[0m max_size     = 3
          [32m+[0m[0m min_size     = 1
        }

      [32m+[0m[0m update_config {
          [32m+[0m[0m max_unavailable_percentage = 25
        }
    }

[1m  # module.node_groups.aws_eks_node_group.main["spot"][0m will be created
[0m  [32m+[0m[0m resource "aws_eks_node_group" "main" {
      [32m+[0m[0m ami_type               = "AL2_x86_64"
      [32m+[0m[0m arn                    = (known after apply)
      [32m+[0m[0m capacity_type          = "SPOT"
      [32m+[0m[0m cluster_name           = (known after apply)
      [32m+[0m[0m disk_size              = (known after apply)
      [32m+[0m[0m id                     = (known after apply)
      [32m+[0m[0m instance_types         = [
          [32m+[0m[0m "t3.small",
          [32m+[0m[0m "t3.medium",
        ]
      [32m+[0m[0m labels                 = (known after apply)
      [32m+[0m[0m node_group_name        = "spot"
      [32m+[0m[0m node_group_name_prefix = (known after apply)
      [32m+[0m[0m node_role_arn          = (known after apply)
      [32m+[0m[0m release_version        = (known after apply)
      [32m+[0m[0m resources              = (known after apply)
      [32m+[0m[0m status                 = (known after apply)
      [32m+[0m[0m subnet_ids             = (known after apply)
      [32m+[0m[0m tags                   = (known after apply)
      [32m+[0m[0m tags_all               = (known after apply)
      [32m+[0m[0m version                = (known after apply)

      [32m+[0m[0m launch_template {
          [32m+[0m[0m id      = (known after apply)
          [32m+[0m[0m name    = (known after apply)
          [32m+[0m[0m version = (known after apply)
        }

      [32m+[0m[0m node_repair_config (known after apply)

      [32m+[0m[0m scaling_config {
          [32m+[0m[0m desired_size = 1
          [32m+[0m[0m max_size     = 5
          [32m+[0m[0m min_size     = 0
        }

      [32m+[0m[0m taint {
          [32m+[0m[0m effect = "NO_SCHEDULE"
          [32m+[0m[0m key    = "spot-instance"
          [32m+[0m[0m value  = "true"
        }

      [32m+[0m[0m update_config {
          [32m+[0m[0m max_unavailable_percentage = 25
        }
    }

[1m  # module.node_groups.aws_iam_role.node_group[0m will be created
[0m  [32m+[0m[0m resource "aws_iam_role" "node_group" {
      [32m+[0m[0m arn                   = (known after apply)
      [32m+[0m[0m assume_role_policy    = jsonencode(
            {
              [32m+[0m[0m Statement = [
                  [32m+[0m[0m {
                      [32m+[0m[0m Action    = "sts:AssumeRole"
                      [32m+[0m[0m Effect    = "Allow"
                      [32m+[0m[0m Principal = {
                          [32m+[0m[0m Service = "ec2.amazonaws.com"
                        }
                    },
                ]
              [32m+[0m[0m Version   = "2012-10-17"
            }
        )
      [32m+[0m[0m create_date           = (known after apply)
      [32m+[0m[0m force_detach_policies = false
      [32m+[0m[0m id                    = (known after apply)
      [32m+[0m[0m managed_policy_arns   = (known after apply)
      [32m+[0m[0m max_session_duration  = 3600
      [32m+[0m[0m name                  = (known after apply)
      [32m+[0m[0m name_prefix           = (known after apply)
      [32m+[0m[0m path                  = "/"
      [32m+[0m[0m tags                  = (known after apply)
      [32m+[0m[0m tags_all              = (known after apply)
      [32m+[0m[0m unique_id             = (known after apply)

      [32m+[0m[0m inline_policy (known after apply)
    }

[1m  # module.node_groups.aws_iam_role_policy.node_group_additional[0m will be created
[0m  [32m+[0m[0m resource "aws_iam_role_policy" "node_group_additional" {
      [32m+[0m[0m id          = (known after apply)
      [32m+[0m[0m name        = (known after apply)
      [32m+[0m[0m name_prefix = (known after apply)
      [32m+[0m[0m policy      = jsonencode(
            {
              [32m+[0m[0m Statement = [
                  [32m+[0m[0m {
                      [32m+[0m[0m Action   = [
                          [32m+[0m[0m "cloudwatch:PutMetricData",
                          [32m+[0m[0m "ec2:DescribeVolumes",
                          [32m+[0m[0m "ec2:DescribeTags",
                          [32m+[0m[0m "logs:PutLogEvents",
                          [32m+[0m[0m "logs:CreateLogGroup",
                          [32m+[0m[0m "logs:CreateLogStream",
                          [32m+[0m[0m "logs:DescribeLogStreams",
                        ]
                      [32m+[0m[0m Effect   = "Allow"
                      [32m+[0m[0m Resource = "*"
                    },
                ]
              [32m+[0m[0m Version   = "2012-10-17"
            }
        )
      [32m+[0m[0m role        = (known after apply)
    }

[1m  # module.node_groups.aws_iam_role_policy_attachment.node_group_AmazonEC2ContainerRegistryReadOnly[0m will be created
[0m  [32m+[0m[0m resource "aws_iam_role_policy_attachment" "node_group_AmazonEC2ContainerRegistryReadOnly" {
      [32m+[0m[0m id         = (known after apply)
      [32m+[0m[0m policy_arn = "arn:aws:iam::aws:policy/AmazonEC2ContainerRegistryReadOnly"
      [32m+[0m[0m role       = (known after apply)
    }

[1m  # module.node_groups.aws_iam_role_policy_attachment.node_group_AmazonEKSWorkerNodePolicy[0m will be created
[0m  [32m+[0m[0m resource "aws_iam_role_policy_attachment" "node_group_AmazonEKSWorkerNodePolicy" {
      [32m+[0m[0m id         = (known after apply)
      [32m+[0m[0m policy_arn = "arn:aws:iam::aws:policy/AmazonEKSWorkerNodePolicy"
      [32m+[0m[0m role       = (known after apply)
    }

[1m  # module.node_groups.aws_iam_role_policy_attachment.node_group_AmazonEKS_CNI_Policy[0m will be created
[0m  [32m+[0m[0m resource "aws_iam_role_policy_attachment" "node_group_AmazonEKS_CNI_Policy" {
      [32m+[0m[0m id         = (known after apply)
      [32m+[0m[0m policy_arn = "arn:aws:iam::aws:policy/AmazonEKS_CNI_Policy"
      [32m+[0m[0m role       = (known after apply)
    }

[1m  # module.node_groups.aws_iam_role_policy_attachment.node_group_AmazonSSMManagedInstanceCore[0m will be created
[0m  [32m+[0m[0m resource "aws_iam_role_policy_attachment" "node_group_AmazonSSMManagedInstanceCore" {
      [32m+[0m[0m id         = (known after apply)
      [32m+[0m[0m policy_arn = "arn:aws:iam::aws:policy/AmazonSSMManagedInstanceCore"
      [32m+[0m[0m role       = (known after apply)
    }

[1m  # module.node_groups.aws_launch_template.node_group["general"][0m will be created
[0m  [32m+[0m[0m resource "aws_launch_template" "node_group" {
      [32m+[0m[0m arn                    = (known after apply)
      [32m+[0m[0m default_version        = (known after apply)
      [32m+[0m[0m description            = "Launch template for EKS managed node group general"
      [32m+[0m[0m id                     = (known after apply)
      [32m+[0m[0m instance_type          = "t3.small"
      [32m+[0m[0m latest_version         = (known after apply)
      [32m+[0m[0m name                   = (known after apply)
      [32m+[0m[0m name_prefix            = (known after apply)
      [32m+[0m[0m tags                   = (known after apply)
      [32m+[0m[0m tags_all               = (known after apply)
      [32m+[0m[0m user_data              = (known after apply)
      [32m+[0m[0m vpc_security_group_ids = (known after apply)

      [32m+[0m[0m block_device_mappings {
          [32m+[0m[0m device_name = "/dev/xvda"

          [32m+[0m[0m ebs {
              [32m+[0m[0m delete_on_termination      = "true"
              [32m+[0m[0m encrypted                  = "true"
              [32m+[0m[0m iops                       = 3000
              [32m+[0m[0m throughput                 = 125
              [32m+[0m[0m volume_initialization_rate = (known after apply)
              [32m+[0m[0m volume_size                = 30
              [32m+[0m[0m volume_type                = "gp3"
            }
        }

      [32m+[0m[0m metadata_options {
          [32m+[0m[0m http_endpoint               = "enabled"
          [32m+[0m[0m http_protocol_ipv6          = (known after apply)
          [32m+[0m[0m http_put_response_hop_limit = 2
          [32m+[0m[0m http_tokens                 = "required"
          [32m+[0m[0m instance_metadata_tags      = "enabled"
        }

      [32m+[0m[0m monitoring {
          [32m+[0m[0m enabled = true
        }

      [32m+[0m[0m tag_specifications {
          [32m+[0m[0m resource_type = "instance"
          [32m+[0m[0m tags          = (known after apply)
        }
      [32m+[0m[0m tag_specifications {
          [32m+[0m[0m resource_type = "volume"
          [32m+[0m[0m tags          = (known after apply)
        }
    }

[1m  # module.node_groups.aws_launch_template.node_group["spot"][0m will be created
[0m  [32m+[0m[0m resource "aws_launch_template" "node_group" {
      [32m+[0m[0m arn                    = (known after apply)
      [32m+[0m[0m default_version        = (known after apply)
      [32m+[0m[0m description            = "Launch template for EKS managed node group spot"
      [32m+[0m[0m id                     = (known after apply)
      [32m+[0m[0m instance_type          = "t3.small"
      [32m+[0m[0m latest_version         = (known after apply)
      [32m+[0m[0m name                   = (known after apply)
      [32m+[0m[0m name_prefix            = (known after apply)
      [32m+[0m[0m tags                   = (known after apply)
      [32m+[0m[0m tags_all               = (known after apply)
      [32m+[0m[0m user_data              = (known after apply)
      [32m+[0m[0m vpc_security_group_ids = (known after apply)

      [32m+[0m[0m block_device_mappings {
          [32m+[0m[0m device_name = "/dev/xvda"

          [32m+[0m[0m ebs {
              [32m+[0m[0m delete_on_termination      = "true"
              [32m+[0m[0m encrypted                  = "true"
              [32m+[0m[0m iops                       = 3000
              [32m+[0m[0m throughput                 = 125
              [32m+[0m[0m volume_initialization_rate = (known after apply)
              [32m+[0m[0m volume_size                = 30
              [32m+[0m[0m volume_type                = "gp3"
            }
        }

      [32m+[0m[0m metadata_options {
          [32m+[0m[0m http_endpoint               = "enabled"
          [32m+[0m[0m http_protocol_ipv6          = (known after apply)
          [32m+[0m[0m http_put_response_hop_limit = 2
          [32m+[0m[0m http_tokens                 = "required"
          [32m+[0m[0m instance_metadata_tags      = "enabled"
        }

      [32m+[0m[0m monitoring {
          [32m+[0m[0m enabled = true
        }

      [32m+[0m[0m tag_specifications {
          [32m+[0m[0m resource_type = "instance"
          [32m+[0m[0m tags          = (known after apply)
        }
      [32m+[0m[0m tag_specifications {
          [32m+[0m[0m resource_type = "volume"
          [32m+[0m[0m tags          = (known after apply)
        }
    }

[1m  # module.eks_cluster.module.ebs_csi_irsa.data.aws_caller_identity.current[0m will be read during apply
  # (depends on a resource or a module with changes pending)
[0m [36m<=[0m[0m data "aws_caller_identity" "current" {
      [32m+[0m[0m account_id = (known after apply)
      [32m+[0m[0m arn        = (known after apply)
      [32m+[0m[0m id         = (known after apply)
      [32m+[0m[0m user_id    = (known after apply)
    }

[1m  # module.eks_cluster.module.ebs_csi_irsa.data.aws_iam_policy_document.ebs_csi[0][0m will be read during apply
  # (config refers to values not yet known)
[0m [36m<=[0m[0m data "aws_iam_policy_document" "ebs_csi" {
      [32m+[0m[0m id            = (known after apply)
      [32m+[0m[0m json          = (known after apply)
      [32m+[0m[0m minified_json = (known after apply)

      [32m+[0m[0m statement {
          [32m+[0m[0m actions   = [
              [32m+[0m[0m "ec2:DescribeAvailabilityZones",
              [32m+[0m[0m "ec2:DescribeInstances",
              [32m+[0m[0m "ec2:DescribeSnapshots",
              [32m+[0m[0m "ec2:DescribeTags",
              [32m+[0m[0m "ec2:DescribeVolumes",
              [32m+[0m[0m "ec2:DescribeVolumesModifications",
            ]
          [32m+[0m[0m resources = [
              [32m+[0m[0m "*",
            ]
        }
      [32m+[0m[0m statement {
          [32m+[0m[0m actions   = [
              [32m+[0m[0m "ec2:CreateSnapshot",
              [32m+[0m[0m "ec2:ModifyVolume",
            ]
          [32m+[0m[0m resources = [
              [32m+[0m[0m (known after apply),
            ]
        }
      [32m+[0m[0m statement {
          [32m+[0m[0m actions   = [
              [32m+[0m[0m "ec2:AttachVolume",
              [32m+[0m[0m "ec2:DetachVolume",
            ]
          [32m+[0m[0m resources = [
              [32m+[0m[0m (known after apply),
              [32m+[0m[0m (known after apply),
            ]
        }
      [32m+[0m[0m statement {
          [32m+[0m[0m actions   = [
              [32m+[0m[0m "ec2:CreateVolume",
              [32m+[0m[0m "ec2:EnableFastSnapshotRestores",
            ]
          [32m+[0m[0m resources = [
              [32m+[0m[0m (known after apply),
            ]
        }
      [32m+[0m[0m statement {
          [32m+[0m[0m actions   = [
              [32m+[0m[0m "ec2:CreateTags",
            ]
          [32m+[0m[0m resources = [
              [32m+[0m[0m (known after apply),
              [32m+[0m[0m (known after apply),
            ]

          [32m+[0m[0m condition {
              [32m+[0m[0m test     = "StringEquals"
              [32m+[0m[0m values   = [
                  [32m+[0m[0m "CreateVolume",
                  [32m+[0m[0m "CreateSnapshot",
                ]
              [32m+[0m[0m variable = "ec2:CreateAction"
            }
        }
      [32m+[0m[0m statement {
          [32m+[0m[0m actions   = [
              [32m+[0m[0m "ec2:DeleteTags",
            ]
          [32m+[0m[0m resources = [
              [32m+[0m[0m (known after apply),
              [32m+[0m[0m (known after apply),
            ]
        }
      [32m+[0m[0m statement {
          [32m+[0m[0m actions   = [
              [32m+[0m[0m "ec2:CreateVolume",
            ]
          [32m+[0m[0m resources = [
              [32m+[0m[0m (known after apply),
            ]

          [32m+[0m[0m condition {
              [32m+[0m[0m test     = "StringLike"
              [32m+[0m[0m values   = [
                  [32m+[0m[0m "true",
                ]
              [32m+[0m[0m variable = "aws:RequestTag/ebs.csi.aws.com/cluster"
            }
        }
      [32m+[0m[0m statement {
          [32m+[0m[0m actions   = [
              [32m+[0m[0m "ec2:CreateVolume",
            ]
          [32m+[0m[0m resources = [
              [32m+[0m[0m (known after apply),
            ]

          [32m+[0m[0m condition {
              [32m+[0m[0m test     = "StringLike"
              [32m+[0m[0m values   = [
                  [32m+[0m[0m "*",
                ]
              [32m+[0m[0m variable = "aws:RequestTag/CSIVolumeName"
            }
        }
      [32m+[0m[0m statement {
          [32m+[0m[0m actions   = [
              [32m+[0m[0m "ec2:DeleteVolume",
            ]
          [32m+[0m[0m resources = [
              [32m+[0m[0m (known after apply),
            ]

          [32m+[0m[0m condition {
              [32m+[0m[0m test     = "StringLike"
              [32m+[0m[0m values   = [
                  [32m+[0m[0m "true",
                ]
              [32m+[0m[0m variable = "aws:ResourceTag/ebs.csi.aws.com/cluster"
            }
        }
      [32m+[0m[0m statement {
          [32m+[0m[0m actions   = [
              [32m+[0m[0m "ec2:DeleteVolume",
            ]
          [32m+[0m[0m resources = [
              [32m+[0m[0m (known after apply),
            ]

          [32m+[0m[0m condition {
              [32m+[0m[0m test     = "StringLike"
              [32m+[0m[0m values   = [
                  [32m+[0m[0m "*",
                ]
              [32m+[0m[0m variable = "aws:ResourceTag/CSIVolumeName"
            }
        }
      [32m+[0m[0m statement {
          [32m+[0m[0m actions   = [
              [32m+[0m[0m "ec2:DeleteVolume",
            ]
          [32m+[0m[0m resources = [
              [32m+[0m[0m (known after apply),
            ]

          [32m+[0m[0m condition {
              [32m+[0m[0m test     = "StringLike"
              [32m+[0m[0m values   = [
                  [32m+[0m[0m "*",
                ]
              [32m+[0m[0m variable = "ec2:ResourceTag/kubernetes.io/created-for/pvc/name"
            }
        }
      [32m+[0m[0m statement {
          [32m+[0m[0m actions   = [
              [32m+[0m[0m "ec2:CreateSnapshot",
            ]
          [32m+[0m[0m resources = [
              [32m+[0m[0m (known after apply),
            ]

          [32m+[0m[0m condition {
              [32m+[0m[0m test     = "StringLike"
              [32m+[0m[0m values   = [
                  [32m+[0m[0m "*",
                ]
              [32m+[0m[0m variable = "aws:RequestTag/CSIVolumeSnapshotName"
            }
        }
      [32m+[0m[0m statement {
          [32m+[0m[0m actions   = [
              [32m+[0m[0m "ec2:CreateSnapshot",
            ]
          [32m+[0m[0m resources = [
              [32m+[0m[0m (known after apply),
            ]

          [32m+[0m[0m condition {
              [32m+[0m[0m test     = "StringLike"
              [32m+[0m[0m values   = [
                  [32m+[0m[0m "true",
                ]
              [32m+[0m[0m variable = "aws:RequestTag/ebs.csi.aws.com/cluster"
            }
        }
      [32m+[0m[0m statement {
          [32m+[0m[0m actions   = [
              [32m+[0m[0m "ec2:DeleteSnapshot",
            ]
          [32m+[0m[0m resources = [
              [32m+[0m[0m (known after apply),
            ]

          [32m+[0m[0m condition {
              [32m+[0m[0m test     = "StringLike"
              [32m+[0m[0m values   = [
                  [32m+[0m[0m "*",
                ]
              [32m+[0m[0m variable = "aws:ResourceTag/CSIVolumeSnapshotName"
            }
        }
      [32m+[0m[0m statement {
          [32m+[0m[0m actions   = [
              [32m+[0m[0m "ec2:DeleteSnapshot",
            ]
          [32m+[0m[0m resources = [
              [32m+[0m[0m (known after apply),
            ]

          [32m+[0m[0m condition {
              [32m+[0m[0m test     = "StringLike"
              [32m+[0m[0m values   = [
                  [32m+[0m[0m "true",
                ]
              [32m+[0m[0m variable = "aws:ResourceTag/ebs.csi.aws.com/cluster"
            }
        }
    }

[1m  # module.eks_cluster.module.ebs_csi_irsa.data.aws_iam_policy_document.this[0][0m will be read during apply
  # (config refers to values not yet known)
[0m [36m<=[0m[0m data "aws_iam_policy_document" "this" {
      [32m+[0m[0m id            = (known after apply)
      [32m+[0m[0m json          = (known after apply)
      [32m+[0m[0m minified_json = (known after apply)

      [32m+[0m[0m statement {
          [32m+[0m[0m actions = [
              [32m+[0m[0m "sts:AssumeRoleWithWebIdentity",
            ]
          [32m+[0m[0m effect  = "Allow"

          [32m+[0m[0m condition {
              [32m+[0m[0m test     = "StringEquals"
              [32m+[0m[0m values   = [
                  [32m+[0m[0m "sts.amazonaws.com",
                ]
              [32m+[0m[0m variable = (known after apply)
            }
          [32m+[0m[0m condition {
              [32m+[0m[0m test     = "StringEquals"
              [32m+[0m[0m values   = [
                  [32m+[0m[0m "system:serviceaccount:kube-system:ebs-csi-controller-sa",
                ]
              [32m+[0m[0m variable = (known after apply)
            }

          [32m+[0m[0m principals {
              [32m+[0m[0m identifiers = [
                  [32m+[0m[0m (known after apply),
                ]
              [32m+[0m[0m type        = "Federated"
            }
        }
    }

[1m  # module.eks_cluster.module.ebs_csi_irsa.data.aws_partition.current[0m will be read during apply
  # (depends on a resource or a module with changes pending)
[0m [36m<=[0m[0m data "aws_partition" "current" {
      [32m+[0m[0m dns_suffix         = (known after apply)
      [32m+[0m[0m id                 = (known after apply)
      [32m+[0m[0m partition          = (known after apply)
      [32m+[0m[0m reverse_dns_prefix = (known after apply)
    }

[1m  # module.eks_cluster.module.ebs_csi_irsa.data.aws_region.current[0m will be read during apply
  # (depends on a resource or a module with changes pending)
[0m [36m<=[0m[0m data "aws_region" "current" {
      [32m+[0m[0m description = (known after apply)
      [32m+[0m[0m endpoint    = (known after apply)
      [32m+[0m[0m id          = (known after apply)
      [32m+[0m[0m name        = (known after apply)
    }

[1m  # module.eks_cluster.module.ebs_csi_irsa.aws_iam_policy.ebs_csi[0][0m will be created
[0m  [32m+[0m[0m resource "aws_iam_policy" "ebs_csi" {
      [32m+[0m[0m arn              = (known after apply)
      [32m+[0m[0m attachment_count = (known after apply)
      [32m+[0m[0m description      = "Provides permissions to manage EBS volumes via the container storage interface driver"
      [32m+[0m[0m id               = (known after apply)
      [32m+[0m[0m name             = (known after apply)
      [32m+[0m[0m name_prefix      = "AmazonEKS_EBS_CSI_Policy-"
      [32m+[0m[0m path             = "/"
      [32m+[0m[0m policy           = (known after apply)
      [32m+[0m[0m policy_id        = (known after apply)
      [32m+[0m[0m tags             = (known after apply)
      [32m+[0m[0m tags_all         = (known after apply)
    }

[1m  # module.eks_cluster.module.ebs_csi_irsa.aws_iam_role.this[0][0m will be created
[0m  [32m+[0m[0m resource "aws_iam_role" "this" {
      [32m+[0m[0m arn                   = (known after apply)
      [32m+[0m[0m assume_role_policy    = (known after apply)
      [32m+[0m[0m create_date           = (known after apply)
      [32m+[0m[0m force_detach_policies = true
      [32m+[0m[0m id                    = (known after apply)
      [32m+[0m[0m managed_policy_arns   = (known after apply)
      [32m+[0m[0m max_session_duration  = 3600
      [32m+[0m[0m name                  = (known after apply)
      [32m+[0m[0m name_prefix           = "feedbackhub-dev-ebs-csi-"
      [32m+[0m[0m path                  = "/"
      [32m+[0m[0m tags                  = (known after apply)
      [32m+[0m[0m tags_all              = (known after apply)
      [32m+[0m[0m unique_id             = (known after apply)

      [32m+[0m[0m inline_policy (known after apply)
    }

[1m  # module.eks_cluster.module.ebs_csi_irsa.aws_iam_role_policy_attachment.ebs_csi[0][0m will be created
[0m  [32m+[0m[0m resource "aws_iam_role_policy_attachment" "ebs_csi" {
      [32m+[0m[0m id         = (known after apply)
      [32m+[0m[0m policy_arn = (known after apply)
      [32m+[0m[0m role       = (known after apply)
    }

[1m  # module.eks_cluster.module.eks.data.aws_caller_identity.current[0][0m will be read during apply
  # (depends on a resource or a module with changes pending)
[0m [36m<=[0m[0m data "aws_caller_identity" "current" {
      [32m+[0m[0m account_id = (known after apply)
      [32m+[0m[0m arn        = (known after apply)
      [32m+[0m[0m id         = (known after apply)
      [32m+[0m[0m user_id    = (known after apply)
    }

[1m  # module.eks_cluster.module.eks.data.aws_eks_addon_version.this["aws-ebs-csi-driver"][0m will be read during apply
  # (depends on a resource or a module with changes pending)
[0m [36m<=[0m[0m data "aws_eks_addon_version" "this" {
      [32m+[0m[0m addon_name         = "aws-ebs-csi-driver"
      [32m+[0m[0m id                 = (known after apply)
      [32m+[0m[0m kubernetes_version = "1.29"
      [32m+[0m[0m most_recent        = true
      [32m+[0m[0m version            = (known after apply)
    }

[1m  # module.eks_cluster.module.eks.data.aws_eks_addon_version.this["aws-efs-csi-driver"][0m will be read during apply
  # (depends on a resource or a module with changes pending)
[0m [36m<=[0m[0m data "aws_eks_addon_version" "this" {
      [32m+[0m[0m addon_name         = "aws-efs-csi-driver"
      [32m+[0m[0m id                 = (known after apply)
      [32m+[0m[0m kubernetes_version = "1.29"
      [32m+[0m[0m version            = (known after apply)
    }

[1m  # module.eks_cluster.module.eks.data.aws_eks_addon_version.this["coredns"][0m will be read during apply
  # (depends on a resource or a module with changes pending)
[0m [36m<=[0m[0m data "aws_eks_addon_version" "this" {
      [32m+[0m[0m addon_name         = "coredns"
      [32m+[0m[0m id                 = (known after apply)
      [32m+[0m[0m kubernetes_version = "1.29"
      [32m+[0m[0m most_recent        = true
      [32m+[0m[0m version            = (known after apply)
    }

[1m  # module.eks_cluster.module.eks.data.aws_eks_addon_version.this["kube-proxy"][0m will be read during apply
  # (depends on a resource or a module with changes pending)
[0m [36m<=[0m[0m data "aws_eks_addon_version" "this" {
      [32m+[0m[0m addon_name         = "kube-proxy"
      [32m+[0m[0m id                 = (known after apply)
      [32m+[0m[0m kubernetes_version = "1.29"
      [32m+[0m[0m most_recent        = true
      [32m+[0m[0m version            = (known after apply)
    }

[1m  # module.eks_cluster.module.eks.data.aws_eks_addon_version.this["vpc-cni"][0m will be read during apply
  # (depends on a resource or a module with changes pending)
[0m [36m<=[0m[0m data "aws_eks_addon_version" "this" {
      [32m+[0m[0m addon_name         = "vpc-cni"
      [32m+[0m[0m id                 = (known after apply)
      [32m+[0m[0m kubernetes_version = "1.29"
      [32m+[0m[0m most_recent        = true
      [32m+[0m[0m version            = (known after apply)
    }

[1m  # module.eks_cluster.module.eks.data.aws_iam_policy_document.assume_role_policy[0][0m will be read during apply
  # (depends on a resource or a module with changes pending)
[0m [36m<=[0m[0m data "aws_iam_policy_document" "assume_role_policy" {
      [32m+[0m[0m id            = (known after apply)
      [32m+[0m[0m json          = (known after apply)
      [32m+[0m[0m minified_json = (known after apply)

      [32m+[0m[0m statement {
          [32m+[0m[0m actions = [
              [32m+[0m[0m "sts:AssumeRole",
              [32m+[0m[0m "sts:TagSession",
            ]
          [32m+[0m[0m sid     = "EKSClusterAssumeRole"

          [32m+[0m[0m principals {
              [32m+[0m[0m identifiers = [
                  [32m+[0m[0m "eks.amazonaws.com",
                ]
              [32m+[0m[0m type        = "Service"
            }
        }
    }

[1m  # module.eks_cluster.module.eks.data.aws_iam_policy_document.custom[0][0m will be read during apply
  # (config refers to values not yet known)
[0m [36m<=[0m[0m data "aws_iam_policy_document" "custom" {
      [32m+[0m[0m id            = (known after apply)
      [32m+[0m[0m json          = (known after apply)
      [32m+[0m[0m minified_json = (known after apply)

      [32m+[0m[0m statement {
          [32m+[0m[0m actions   = [
              [32m+[0m[0m "ec2:CreateFleet",
              [32m+[0m[0m "ec2:CreateLaunchTemplate",
              [32m+[0m[0m "ec2:RunInstances",
            ]
          [32m+[0m[0m resources = [
              [32m+[0m[0m "*",
            ]
          [32m+[0m[0m sid       = "Compute"

          [32m+[0m[0m condition {
              [32m+[0m[0m test     = "StringEquals"
              [32m+[0m[0m values   = [
                  [32m+[0m[0m "${aws:PrincipalTag/eks:eks-cluster-name}",
                ]
              [32m+[0m[0m variable = "aws:RequestTag/eks:eks-cluster-name"
            }
          [32m+[0m[0m condition {
              [32m+[0m[0m test     = "StringLike"
              [32m+[0m[0m values   = [
                  [32m+[0m[0m "*",
                ]
              [32m+[0m[0m variable = "aws:RequestTag/eks:kubernetes-node-class-name"
            }
          [32m+[0m[0m condition {
              [32m+[0m[0m test     = "StringLike"
              [32m+[0m[0m values   = [
                  [32m+[0m[0m "*",
                ]
              [32m+[0m[0m variable = "aws:RequestTag/eks:kubernetes-node-pool-name"
            }
        }
      [32m+[0m[0m statement {
          [32m+[0m[0m actions   = [
              [32m+[0m[0m "ec2:CreateSnapshot",
              [32m+[0m[0m "ec2:CreateVolume",
            ]
          [32m+[0m[0m resources = [
              [32m+[0m[0m (known after apply),
              [32m+[0m[0m (known after apply),
            ]
          [32m+[0m[0m sid       = "Storage"

          [32m+[0m[0m condition {
              [32m+[0m[0m test     = "StringEquals"
              [32m+[0m[0m values   = [
                  [32m+[0m[0m "${aws:PrincipalTag/eks:eks-cluster-name}",
                ]
              [32m+[0m[0m variable = "aws:RequestTag/eks:eks-cluster-name"
            }
        }
      [32m+[0m[0m statement {
          [32m+[0m[0m actions   = [
              [32m+[0m[0m "ec2:CreateNetworkInterface",
            ]
          [32m+[0m[0m resources = [
              [32m+[0m[0m "*",
            ]
          [32m+[0m[0m sid       = "Networking"

          [32m+[0m[0m condition {
              [32m+[0m[0m test     = "StringEquals"
              [32m+[0m[0m values   = [
                  [32m+[0m[0m "${aws:PrincipalTag/eks:eks-cluster-name}",
                ]
              [32m+[0m[0m variable = "aws:RequestTag/eks:eks-cluster-name"
            }
          [32m+[0m[0m condition {
              [32m+[0m[0m test     = "StringEquals"
              [32m+[0m[0m values   = [
                  [32m+[0m[0m "*",
                ]
              [32m+[0m[0m variable = "aws:RequestTag/eks:kubernetes-cni-node-name"
            }
        }
      [32m+[0m[0m statement {
          [32m+[0m[0m actions   = [
              [32m+[0m[0m "ec2:CreateSecurityGroup",
              [32m+[0m[0m "elasticloadbalancing:CreateListener",
              [32m+[0m[0m "elasticloadbalancing:CreateLoadBalancer",
              [32m+[0m[0m "elasticloadbalancing:CreateRule",
              [32m+[0m[0m "elasticloadbalancing:CreateTargetGroup",
            ]
          [32m+[0m[0m resources = [
              [32m+[0m[0m "*",
            ]
          [32m+[0m[0m sid       = "LoadBalancer"

          [32m+[0m[0m condition {
              [32m+[0m[0m test     = "StringEquals"
              [32m+[0m[0m values   = [
                  [32m+[0m[0m "${aws:PrincipalTag/eks:eks-cluster-name}",
                ]
              [32m+[0m[0m variable = "aws:RequestTag/eks:eks-cluster-name"
            }
        }
      [32m+[0m[0m statement {
          [32m+[0m[0m actions   = [
              [32m+[0m[0m "shield:CreateProtection",
            ]
          [32m+[0m[0m resources = [
              [32m+[0m[0m "*",
            ]
          [32m+[0m[0m sid       = "ShieldProtection"

          [32m+[0m[0m condition {
              [32m+[0m[0m test     = "StringEquals"
              [32m+[0m[0m values   = [
                  [32m+[0m[0m "${aws:PrincipalTag/eks:eks-cluster-name}",
                ]
              [32m+[0m[0m variable = "aws:RequestTag/eks:eks-cluster-name"
            }
        }
      [32m+[0m[0m statement {
          [32m+[0m[0m actions   = [
              [32m+[0m[0m "shield:TagResource",
            ]
          [32m+[0m[0m resources = [
              [32m+[0m[0m (known after apply),
            ]
          [32m+[0m[0m sid       = "ShieldTagResource"

          [32m+[0m[0m condition {
              [32m+[0m[0m test     = "StringEquals"
              [32m+[0m[0m values   = [
                  [32m+[0m[0m "${aws:PrincipalTag/eks:eks-cluster-name}",
                ]
              [32m+[0m[0m variable = "aws:RequestTag/eks:eks-cluster-name"
            }
        }
    }

[1m  # module.eks_cluster.module.eks.data.aws_iam_session_context.current[0][0m will be read during apply
  # (config refers to values not yet known)
[0m [36m<=[0m[0m data "aws_iam_session_context" "current" {
      [32m+[0m[0m arn          = (known after apply)
      [32m+[0m[0m id           = (known after apply)
      [32m+[0m[0m issuer_arn   = (known after apply)
      [32m+[0m[0m issuer_id    = (known after apply)
      [32m+[0m[0m issuer_name  = (known after apply)
      [32m+[0m[0m session_name = (known after apply)
    }

[1m  # module.eks_cluster.module.eks.data.aws_partition.current[0][0m will be read during apply
  # (depends on a resource or a module with changes pending)
[0m [36m<=[0m[0m data "aws_partition" "current" {
      [32m+[0m[0m dns_suffix         = (known after apply)
      [32m+[0m[0m id                 = (known after apply)
      [32m+[0m[0m partition          = (known after apply)
      [32m+[0m[0m reverse_dns_prefix = (known after apply)
    }

[1m  # module.eks_cluster.module.eks.data.tls_certificate.this[0][0m will be read during apply
  # (config refers to values not yet known)
[0m [36m<=[0m[0m data "tls_certificate" "this" {
      [32m+[0m[0m certificates = (known after apply)
      [32m+[0m[0m id           = (known after apply)
      [32m+[0m[0m url          = (known after apply)
    }

[1m  # module.eks_cluster.module.eks.aws_cloudwatch_log_group.this[0][0m will be created
[0m  [32m+[0m[0m resource "aws_cloudwatch_log_group" "this" {
      [32m+[0m[0m arn               = (known after apply)
      [32m+[0m[0m id                = (known after apply)
      [32m+[0m[0m kms_key_id        = (known after apply)
      [32m+[0m[0m log_group_class   = (known after apply)
      [32m+[0m[0m name              = "/aws/eks/feedbackhub-dev/cluster"
      [32m+[0m[0m name_prefix       = (known after apply)
      [32m+[0m[0m retention_in_days = 7
      [32m+[0m[0m skip_destroy      = false
      [32m+[0m[0m tags              = (known after apply)
      [32m+[0m[0m tags_all          = (known after apply)
    }

[1m  # module.eks_cluster.module.eks.aws_ec2_tag.cluster_primary_security_group["AutoShutdown"][0m will be created
[0m  [32m+[0m[0m resource "aws_ec2_tag" "cluster_primary_security_group" {
      [32m+[0m[0m id          = (known after apply)
      [32m+[0m[0m key         = "AutoShutdown"
      [32m+[0m[0m resource_id = (known after apply)
      [32m+[0m[0m value       = "true"
    }

[1m  # module.eks_cluster.module.eks.aws_ec2_tag.cluster_primary_security_group["CostCenter"][0m will be created
[0m  [32m+[0m[0m resource "aws_ec2_tag" "cluster_primary_security_group" {
      [32m+[0m[0m id          = (known after apply)
      [32m+[0m[0m key         = "CostCenter"
      [32m+[0m[0m resource_id = (known after apply)
      [32m+[0m[0m value       = "engineering"
    }

[1m  # module.eks_cluster.module.eks.aws_ec2_tag.cluster_primary_security_group["CreatedAt"][0m will be created
[0m  [32m+[0m[0m resource "aws_ec2_tag" "cluster_primary_security_group" {
      [32m+[0m[0m id          = (known after apply)
      [32m+[0m[0m key         = "CreatedAt"
      [32m+[0m[0m resource_id = (known after apply)
      [32m+[0m[0m value       = (known after apply)
    }

[1m  # module.eks_cluster.module.eks.aws_ec2_tag.cluster_primary_security_group["Environment"][0m will be created
[0m  [32m+[0m[0m resource "aws_ec2_tag" "cluster_primary_security_group" {
      [32m+[0m[0m id          = (known after apply)
      [32m+[0m[0m key         = "Environment"
      [32m+[0m[0m resource_id = (known after apply)
      [32m+[0m[0m value       = "dev"
    }

[1m  # module.eks_cluster.module.eks.aws_ec2_tag.cluster_primary_security_group["ManagedBy"][0m will be created
[0m  [32m+[0m[0m resource "aws_ec2_tag" "cluster_primary_security_group" {
      [32m+[0m[0m id          = (known after apply)
      [32m+[0m[0m key         = "ManagedBy"
      [32m+[0m[0m resource_id = (known after apply)
      [32m+[0m[0m value       = "terraform"
    }

[1m  # module.eks_cluster.module.eks.aws_ec2_tag.cluster_primary_security_group["Owner"][0m will be created
[0m  [32m+[0m[0m resource "aws_ec2_tag" "cluster_primary_security_group" {
      [32m+[0m[0m id          = (known after apply)
      [32m+[0m[0m key         = "Owner"
      [32m+[0m[0m resource_id = (known after apply)
      [32m+[0m[0m value       = "development-team"
    }

[1m  # module.eks_cluster.module.eks.aws_ec2_tag.cluster_primary_security_group["Project"][0m will be created
[0m  [32m+[0m[0m resource "aws_ec2_tag" "cluster_primary_security_group" {
      [32m+[0m[0m id          = (known after apply)
      [32m+[0m[0m key         = "Project"
      [32m+[0m[0m resource_id = (known after apply)
      [32m+[0m[0m value       = "feedbackhub"
    }

[1m  # module.eks_cluster.module.eks.aws_ec2_tag.cluster_primary_security_group["kubernetes.io/cluster/feedbackhub-dev"][0m will be created
[0m  [32m+[0m[0m resource "aws_ec2_tag" "cluster_primary_security_group" {
      [32m+[0m[0m id          = (known after apply)
      [32m+[0m[0m key         = "kubernetes.io/cluster/feedbackhub-dev"
      [32m+[0m[0m resource_id = (known after apply)
      [32m+[0m[0m value       = "owned"
    }

[1m  # module.eks_cluster.module.eks.aws_eks_addon.this["aws-ebs-csi-driver"][0m will be created
[0m  [32m+[0m[0m resource "aws_eks_addon" "this" {
      [32m+[0m[0m addon_name                  = "aws-ebs-csi-driver"
      [32m+[0m[0m addon_version               = (known after apply)
      [32m+[0m[0m arn                         = (known after apply)
      [32m+[0m[0m cluster_name                = (known after apply)
      [32m+[0m[0m configuration_values        = (known after apply)
      [32m+[0m[0m created_at                  = (known after apply)
      [32m+[0m[0m id                          = (known after apply)
      [32m+[0m[0m modified_at                 = (known after apply)
      [32m+[0m[0m preserve                    = true
      [32m+[0m[0m resolve_conflicts_on_create = "OVERWRITE"
      [32m+[0m[0m resolve_conflicts_on_update = "OVERWRITE"
      [32m+[0m[0m service_account_role_arn    = (known after apply)
      [32m+[0m[0m tags                        = (known after apply)
      [32m+[0m[0m tags_all                    = (known after apply)

      [32m+[0m[0m timeouts {}
    }

[1m  # module.eks_cluster.module.eks.aws_eks_addon.this["aws-efs-csi-driver"][0m will be created
[0m  [32m+[0m[0m resource "aws_eks_addon" "this" {
      [32m+[0m[0m addon_name                  = "aws-efs-csi-driver"
      [32m+[0m[0m addon_version               = (known after apply)
      [32m+[0m[0m arn                         = (known after apply)
      [32m+[0m[0m cluster_name                = (known after apply)
      [32m+[0m[0m configuration_values        = (known after apply)
      [32m+[0m[0m created_at                  = (known after apply)
      [32m+[0m[0m id                          = (known after apply)
      [32m+[0m[0m modified_at                 = (known after apply)
      [32m+[0m[0m preserve                    = true
      [32m+[0m[0m resolve_conflicts_on_create = "OVERWRITE"
      [32m+[0m[0m resolve_conflicts_on_update = "OVERWRITE"
      [32m+[0m[0m tags                        = (known after apply)
      [32m+[0m[0m tags_all                    = (known after apply)

      [32m+[0m[0m timeouts {}
    }

[1m  # module.eks_cluster.module.eks.aws_eks_addon.this["coredns"][0m will be created
[0m  [32m+[0m[0m resource "aws_eks_addon" "this" {
      [32m+[0m[0m addon_name                  = "coredns"
      [32m+[0m[0m addon_version               = (known after apply)
      [32m+[0m[0m arn                         = (known after apply)
      [32m+[0m[0m cluster_name                = (known after apply)
      [32m+[0m[0m configuration_values        = jsonencode(
            {
              [32m+[0m[0m computeType = "ec2"
              [32m+[0m[0m resources   = {
                  [32m+[0m[0m limits   = {
                      [32m+[0m[0m cpu    = "0.25"
                      [32m+[0m[0m memory = "256Mi"
                    }
                  [32m+[0m[0m requests = {
                      [32m+[0m[0m cpu    = "0.25"
                      [32m+[0m[0m memory = "256Mi"
                    }
                }
            }
        )
      [32m+[0m[0m created_at                  = (known after apply)
      [32m+[0m[0m id                          = (known after apply)
      [32m+[0m[0m modified_at                 = (known after apply)
      [32m+[0m[0m preserve                    = true
      [32m+[0m[0m resolve_conflicts_on_create = "OVERWRITE"
      [32m+[0m[0m resolve_conflicts_on_update = "OVERWRITE"
      [32m+[0m[0m tags                        = (known after apply)
      [32m+[0m[0m tags_all                    = (known after apply)

      [32m+[0m[0m timeouts {}
    }

[1m  # module.eks_cluster.module.eks.aws_eks_addon.this["kube-proxy"][0m will be created
[0m  [32m+[0m[0m resource "aws_eks_addon" "this" {
      [32m+[0m[0m addon_name                  = "kube-proxy"
      [32m+[0m[0m addon_version               = (known after apply)
      [32m+[0m[0m arn                         = (known after apply)
      [32m+[0m[0m cluster_name                = (known after apply)
      [32m+[0m[0m configuration_values        = (known after apply)
      [32m+[0m[0m created_at                  = (known after apply)
      [32m+[0m[0m id                          = (known after apply)
      [32m+[0m[0m modified_at                 = (known after apply)
      [32m+[0m[0m preserve                    = true
      [32m+[0m[0m resolve_conflicts_on_create = "OVERWRITE"
      [32m+[0m[0m resolve_conflicts_on_update = "OVERWRITE"
      [32m+[0m[0m tags                        = (known after apply)
      [32m+[0m[0m tags_all                    = (known after apply)

      [32m+[0m[0m timeouts {}
    }

[1m  # module.eks_cluster.module.eks.aws_eks_addon.this["vpc-cni"][0m will be created
[0m  [32m+[0m[0m resource "aws_eks_addon" "this" {
      [32m+[0m[0m addon_name                  = "vpc-cni"
      [32m+[0m[0m addon_version               = (known after apply)
      [32m+[0m[0m arn                         = (known after apply)
      [32m+[0m[0m cluster_name                = (known after apply)
      [32m+[0m[0m configuration_values        = jsonencode(
            {
              [32m+[0m[0m enableNetworkPolicy = "true"
              [32m+[0m[0m env                 = {
                  [32m+[0m[0m ENABLE_POD_ENI                    = "true"
                  [32m+[0m[0m ENABLE_PREFIX_DELEGATION          = "true"
                  [32m+[0m[0m POD_SECURITY_GROUP_ENFORCING_MODE = "standard"
                }
            }
        )
      [32m+[0m[0m created_at                  = (known after apply)
      [32m+[0m[0m id                          = (known after apply)
      [32m+[0m[0m modified_at                 = (known after apply)
      [32m+[0m[0m preserve                    = true
      [32m+[0m[0m resolve_conflicts_on_create = "OVERWRITE"
      [32m+[0m[0m resolve_conflicts_on_update = "OVERWRITE"
      [32m+[0m[0m tags                        = (known after apply)
      [32m+[0m[0m tags_all                    = (known after apply)

      [32m+[0m[0m timeouts {}
    }

[1m  # module.eks_cluster.module.eks.aws_eks_cluster.this[0][0m will be created
[0m  [32m+[0m[0m resource "aws_eks_cluster" "this" {
      [32m+[0m[0m arn                           = (known after apply)
      [32m+[0m[0m bootstrap_self_managed_addons = true
      [32m+[0m[0m certificate_authority         = (known after apply)
      [32m+[0m[0m cluster_id                    = (known after apply)
      [32m+[0m[0m created_at                    = (known after apply)
      [32m+[0m[0m enabled_cluster_log_types     = [
          [32m+[0m[0m "api",
          [32m+[0m[0m "audit",
        ]
      [32m+[0m[0m endpoint                      = (known after apply)
      [32m+[0m[0m id                            = (known after apply)
      [32m+[0m[0m identity                      = (known after apply)
      [32m+[0m[0m name                          = "feedbackhub-dev"
      [32m+[0m[0m platform_version              = (known after apply)
      [32m+[0m[0m role_arn                      = (known after apply)
      [32m+[0m[0m status                        = (known after apply)
      [32m+[0m[0m tags                          = (known after apply)
      [32m+[0m[0m tags_all                      = (known after apply)
      [32m+[0m[0m version                       = "1.29"

      [32m+[0m[0m access_config {
          [32m+[0m[0m authentication_mode                         = "API_AND_CONFIG_MAP"
          [32m+[0m[0m bootstrap_cluster_creator_admin_permissions = false
        }

      [32m+[0m[0m encryption_config {
          [32m+[0m[0m resources = [
              [32m+[0m[0m "secrets",
            ]

          [32m+[0m[0m provider {
              [32m+[0m[0m key_arn = (known after apply)
            }
        }

      [32m+[0m[0m kubernetes_network_config {
          [32m+[0m[0m ip_family         = "ipv4"
          [32m+[0m[0m service_ipv4_cidr = (known after apply)
          [32m+[0m[0m service_ipv6_cidr = (known after apply)

          [32m+[0m[0m elastic_load_balancing (known after apply)
        }

      [32m+[0m[0m timeouts {}

      [32m+[0m[0m upgrade_policy (known after apply)

      [32m+[0m[0m vpc_config {
          [32m+[0m[0m cluster_security_group_id = (known after apply)
          [32m+[0m[0m endpoint_private_access   = true
          [32m+[0m[0m endpoint_public_access    = true
          [32m+[0m[0m public_access_cidrs       = [
              [32m+[0m[0m "0.0.0.0/0",
            ]
          [32m+[0m[0m security_group_ids        = (known after apply)
          [32m+[0m[0m subnet_ids                = (known after apply)
          [32m+[0m[0m vpc_id                    = (known after apply)
        }
    }

[1m  # module.eks_cluster.module.eks.aws_iam_openid_connect_provider.oidc_provider[0][0m will be created
[0m  [32m+[0m[0m resource "aws_iam_openid_connect_provider" "oidc_provider" {
      [32m+[0m[0m arn             = (known after apply)
      [32m+[0m[0m client_id_list  = [
          [32m+[0m[0m "sts.amazonaws.com",
        ]
      [32m+[0m[0m id              = (known after apply)
      [32m+[0m[0m tags            = (known after apply)
      [32m+[0m[0m tags_all        = (known after apply)
      [32m+[0m[0m thumbprint_list = (known after apply)
      [32m+[0m[0m url             = (known after apply)
    }

[1m  # module.eks_cluster.module.eks.aws_iam_policy.cluster_encryption[0][0m will be created
[0m  [32m+[0m[0m resource "aws_iam_policy" "cluster_encryption" {
      [32m+[0m[0m arn              = (known after apply)
      [32m+[0m[0m attachment_count = (known after apply)
      [32m+[0m[0m description      = "Cluster encryption policy to allow cluster role to utilize CMK provided"
      [32m+[0m[0m id               = (known after apply)
      [32m+[0m[0m name             = (known after apply)
      [32m+[0m[0m name_prefix      = "feedbackhub-dev-cluster-ClusterEncryption"
      [32m+[0m[0m path             = "/"
      [32m+[0m[0m policy           = (known after apply)
      [32m+[0m[0m policy_id        = (known after apply)
      [32m+[0m[0m tags             = (known after apply)
      [32m+[0m[0m tags_all         = (known after apply)
    }

[1m  # module.eks_cluster.module.eks.aws_iam_policy.custom[0][0m will be created
[0m  [32m+[0m[0m resource "aws_iam_policy" "custom" {
      [32m+[0m[0m arn              = (known after apply)
      [32m+[0m[0m attachment_count = (known after apply)
      [32m+[0m[0m id               = (known after apply)
      [32m+[0m[0m name             = (known after apply)
      [32m+[0m[0m name_prefix      = "feedbackhub-dev-cluster-"
      [32m+[0m[0m path             = "/"
      [32m+[0m[0m policy           = (known after apply)
      [32m+[0m[0m policy_id        = (known after apply)
      [32m+[0m[0m tags             = (known after apply)
      [32m+[0m[0m tags_all         = (known after apply)
    }

[1m  # module.eks_cluster.module.eks.aws_iam_role.this[0][0m will be created
[0m  [32m+[0m[0m resource "aws_iam_role" "this" {
      [32m+[0m[0m arn                   = (known after apply)
      [32m+[0m[0m assume_role_policy    = (known after apply)
      [32m+[0m[0m create_date           = (known after apply)
      [32m+[0m[0m force_detach_policies = true
      [32m+[0m[0m id                    = (known after apply)
      [32m+[0m[0m managed_policy_arns   = (known after apply)
      [32m+[0m[0m max_session_duration  = 3600
      [32m+[0m[0m name                  = (known after apply)
      [32m+[0m[0m name_prefix           = "feedbackhub-dev-cluster-"
      [32m+[0m[0m path                  = "/"
      [32m+[0m[0m tags                  = (known after apply)
      [32m+[0m[0m tags_all              = (known after apply)
      [32m+[0m[0m unique_id             = (known after apply)

      [32m+[0m[0m inline_policy (known after apply)
    }

[1m  # module.eks_cluster.module.eks.aws_iam_role_policy_attachment.cluster_encryption[0][0m will be created
[0m  [32m+[0m[0m resource "aws_iam_role_policy_attachment" "cluster_encryption" {
      [32m+[0m[0m id         = (known after apply)
      [32m+[0m[0m policy_arn = (known after apply)
      [32m+[0m[0m role       = (known after apply)
    }

[1m  # module.eks_cluster.module.eks.aws_iam_role_policy_attachment.custom[0][0m will be created
[0m  [32m+[0m[0m resource "aws_iam_role_policy_attachment" "custom" {
      [32m+[0m[0m id         = (known after apply)
      [32m+[0m[0m policy_arn = (known after apply)
      [32m+[0m[0m role       = (known after apply)
    }

[1m  # module.eks_cluster.module.eks.aws_iam_role_policy_attachment.this["AmazonEKSClusterPolicy"][0m will be created
[0m  [32m+[0m[0m resource "aws_iam_role_policy_attachment" "this" {
      [32m+[0m[0m id         = (known after apply)
      [32m+[0m[0m policy_arn = (known after apply)
      [32m+[0m[0m role       = (known after apply)
    }

[1m  # module.eks_cluster.module.eks.aws_iam_role_policy_attachment.this["AmazonEKSVPCResourceController"][0m will be created
[0m  [32m+[0m[0m resource "aws_iam_role_policy_attachment" "this" {
      [32m+[0m[0m id         = (known after apply)
      [32m+[0m[0m policy_arn = (known after apply)
      [32m+[0m[0m role       = (known after apply)
    }

[1m  # module.eks_cluster.module.eks.aws_security_group.cluster[0][0m will be created
[0m  [32m+[0m[0m resource "aws_security_group" "cluster" {
      [32m+[0m[0m arn                    = (known after apply)
      [32m+[0m[0m description            = "EKS cluster security group"
      [32m+[0m[0m egress                 = (known after apply)
      [32m+[0m[0m id                     = (known after apply)
      [32m+[0m[0m ingress                = (known after apply)
      [32m+[0m[0m name                   = "feedbackhub-dev-cluster-sg"
      [32m+[0m[0m name_prefix            = (known after apply)
      [32m+[0m[0m owner_id               = (known after apply)
      [32m+[0m[0m revoke_rules_on_delete = false
      [32m+[0m[0m tags                   = (known after apply)
      [32m+[0m[0m tags_all               = (known after apply)
      [32m+[0m[0m vpc_id                 = (known after apply)
    }

[1m  # module.eks_cluster.module.eks.aws_security_group.node[0][0m will be created
[0m  [32m+[0m[0m resource "aws_security_group" "node" {
      [32m+[0m[0m arn                    = (known after apply)
      [32m+[0m[0m description            = "EKS node shared security group"
      [32m+[0m[0m egress                 = (known after apply)
      [32m+[0m[0m id                     = (known after apply)
      [32m+[0m[0m ingress                = (known after apply)
      [32m+[0m[0m name                   = "feedbackhub-dev-node-sg"
      [32m+[0m[0m name_prefix            = (known after apply)
      [32m+[0m[0m owner_id               = (known after apply)
      [32m+[0m[0m revoke_rules_on_delete = false
      [32m+[0m[0m tags                   = (known after apply)
      [32m+[0m[0m tags_all               = (known after apply)
      [32m+[0m[0m vpc_id                 = (known after apply)
    }

[1m  # module.eks_cluster.module.eks.aws_security_group_rule.cluster["ingress_nodes_443"][0m will be created
[0m  [32m+[0m[0m resource "aws_security_group_rule" "cluster" {
      [32m+[0m[0m description              = "Node groups to cluster API"
      [32m+[0m[0m from_port                = 443
      [32m+[0m[0m id                       = (known after apply)
      [32m+[0m[0m protocol                 = "tcp"
      [32m+[0m[0m security_group_id        = (known after apply)
      [32m+[0m[0m security_group_rule_id   = (known after apply)
      [32m+[0m[0m self                     = false
      [32m+[0m[0m source_security_group_id = (known after apply)
      [32m+[0m[0m to_port                  = 443
      [32m+[0m[0m type                     = "ingress"
    }

[1m  # module.eks_cluster.module.eks.aws_security_group_rule.node["egress_all"][0m will be created
[0m  [32m+[0m[0m resource "aws_security_group_rule" "node" {
      [32m+[0m[0m cidr_blocks              = [
          [32m+[0m[0m "0.0.0.0/0",
        ]
      [32m+[0m[0m description              = "Allow all egress"
      [32m+[0m[0m from_port                = 0
      [32m+[0m[0m id                       = (known after apply)
      [32m+[0m[0m prefix_list_ids          = []
      [32m+[0m[0m protocol                 = "-1"
      [32m+[0m[0m security_group_id        = (known after apply)
      [32m+[0m[0m security_group_rule_id   = (known after apply)
      [32m+[0m[0m self                     = false
      [32m+[0m[0m source_security_group_id = (known after apply)
      [32m+[0m[0m to_port                  = 0
      [32m+[0m[0m type                     = "egress"
    }

[1m  # module.eks_cluster.module.eks.aws_security_group_rule.node["ingress_alb_all"][0m will be created
[0m  [32m+[0m[0m resource "aws_security_group_rule" "node" {
      [32m+[0m[0m description              = "ALB to node groups"
      [32m+[0m[0m from_port                = 30000
      [32m+[0m[0m id                       = (known after apply)
      [32m+[0m[0m prefix_list_ids          = []
      [32m+[0m[0m protocol                 = "tcp"
      [32m+[0m[0m security_group_id        = (known after apply)
      [32m+[0m[0m security_group_rule_id   = (known after apply)
      [32m+[0m[0m self                     = false
      [32m+[0m[0m source_security_group_id = (known after apply)
      [32m+[0m[0m to_port                  = 65535
      [32m+[0m[0m type                     = "ingress"
    }

[1m  # module.eks_cluster.module.eks.aws_security_group_rule.node["ingress_cluster_443"][0m will be created
[0m  [32m+[0m[0m resource "aws_security_group_rule" "node" {
      [32m+[0m[0m description              = "Cluster API to node groups"
      [32m+[0m[0m from_port                = 443
      [32m+[0m[0m id                       = (known after apply)
      [32m+[0m[0m prefix_list_ids          = []
      [32m+[0m[0m protocol                 = "tcp"
      [32m+[0m[0m security_group_id        = (known after apply)
      [32m+[0m[0m security_group_rule_id   = (known after apply)
      [32m+[0m[0m self                     = false
      [32m+[0m[0m source_security_group_id = (known after apply)
      [32m+[0m[0m to_port                  = 443
      [32m+[0m[0m type                     = "ingress"
    }

[1m  # module.eks_cluster.module.eks.aws_security_group_rule.node["ingress_cluster_4443_webhook"][0m will be created
[0m  [32m+[0m[0m resource "aws_security_group_rule" "node" {
      [32m+[0m[0m description              = "Cluster API to node 4443/tcp webhook"
      [32m+[0m[0m from_port                = 4443
      [32m+[0m[0m id                       = (known after apply)
      [32m+[0m[0m prefix_list_ids          = []
      [32m+[0m[0m protocol                 = "tcp"
      [32m+[0m[0m security_group_id        = (known after apply)
      [32m+[0m[0m security_group_rule_id   = (known after apply)
      [32m+[0m[0m self                     = false
      [32m+[0m[0m source_security_group_id = (known after apply)
      [32m+[0m[0m to_port                  = 4443
      [32m+[0m[0m type                     = "ingress"
    }

[1m  # module.eks_cluster.module.eks.aws_security_group_rule.node["ingress_cluster_6443_webhook"][0m will be created
[0m  [32m+[0m[0m resource "aws_security_group_rule" "node" {
      [32m+[0m[0m description              = "Cluster API to node 6443/tcp webhook"
      [32m+[0m[0m from_port                = 6443
      [32m+[0m[0m id                       = (known after apply)
      [32m+[0m[0m prefix_list_ids          = []
      [32m+[0m[0m protocol                 = "tcp"
      [32m+[0m[0m security_group_id        = (known after apply)
      [32m+[0m[0m security_group_rule_id   = (known after apply)
      [32m+[0m[0m self                     = false
      [32m+[0m[0m source_security_group_id = (known after apply)
      [32m+[0m[0m to_port                  = 6443
      [32m+[0m[0m type                     = "ingress"
    }

[1m  # module.eks_cluster.module.eks.aws_security_group_rule.node["ingress_cluster_8443_webhook"][0m will be created
[0m  [32m+[0m[0m resource "aws_security_group_rule" "node" {
      [32m+[0m[0m description              = "Cluster API to node 8443/tcp webhook"
      [32m+[0m[0m from_port                = 8443
      [32m+[0m[0m id                       = (known after apply)
      [32m+[0m[0m prefix_list_ids          = []
      [32m+[0m[0m protocol                 = "tcp"
      [32m+[0m[0m security_group_id        = (known after apply)
      [32m+[0m[0m security_group_rule_id   = (known after apply)
      [32m+[0m[0m self                     = false
      [32m+[0m[0m source_security_group_id = (known after apply)
      [32m+[0m[0m to_port                  = 8443
      [32m+[0m[0m type                     = "ingress"
    }

[1m  # module.eks_cluster.module.eks.aws_security_group_rule.node["ingress_cluster_9443_webhook"][0m will be created
[0m  [32m+[0m[0m resource "aws_security_group_rule" "node" {
      [32m+[0m[0m description              = "Cluster API to node 9443/tcp webhook"
      [32m+[0m[0m from_port                = 9443
      [32m+[0m[0m id                       = (known after apply)
      [32m+[0m[0m prefix_list_ids          = []
      [32m+[0m[0m protocol                 = "tcp"
      [32m+[0m[0m security_group_id        = (known after apply)
      [32m+[0m[0m security_group_rule_id   = (known after apply)
      [32m+[0m[0m self                     = false
      [32m+[0m[0m source_security_group_id = (known after apply)
      [32m+[0m[0m to_port                  = 9443
      [32m+[0m[0m type                     = "ingress"
    }

[1m  # module.eks_cluster.module.eks.aws_security_group_rule.node["ingress_cluster_api_ephemeral_ports_tcp"][0m will be created
[0m  [32m+[0m[0m resource "aws_security_group_rule" "node" {
      [32m+[0m[0m description              = "Cluster API to node groups (1025-65535)"
      [32m+[0m[0m from_port                = 1025
      [32m+[0m[0m id                       = (known after apply)
      [32m+[0m[0m prefix_list_ids          = []
      [32m+[0m[0m protocol                 = "tcp"
      [32m+[0m[0m security_group_id        = (known after apply)
      [32m+[0m[0m security_group_rule_id   = (known after apply)
      [32m+[0m[0m self                     = false
      [32m+[0m[0m source_security_group_id = (known after apply)
      [32m+[0m[0m to_port                  = 65535
      [32m+[0m[0m type                     = "ingress"
    }

[1m  # module.eks_cluster.module.eks.aws_security_group_rule.node["ingress_cluster_kubelet"][0m will be created
[0m  [32m+[0m[0m resource "aws_security_group_rule" "node" {
      [32m+[0m[0m description              = "Cluster API to node kubelets"
      [32m+[0m[0m from_port                = 10250
      [32m+[0m[0m id                       = (known after apply)
      [32m+[0m[0m prefix_list_ids          = []
      [32m+[0m[0m protocol                 = "tcp"
      [32m+[0m[0m security_group_id        = (known after apply)
      [32m+[0m[0m security_group_rule_id   = (known after apply)
      [32m+[0m[0m self                     = false
      [32m+[0m[0m source_security_group_id = (known after apply)
      [32m+[0m[0m to_port                  = 10250
      [32m+[0m[0m type                     = "ingress"
    }

[1m  # module.eks_cluster.module.eks.aws_security_group_rule.node["ingress_nodes_ephemeral"][0m will be created
[0m  [32m+[0m[0m resource "aws_security_group_rule" "node" {
      [32m+[0m[0m description              = "Node to node ingress on ephemeral ports"
      [32m+[0m[0m from_port                = 1025
      [32m+[0m[0m id                       = (known after apply)
      [32m+[0m[0m prefix_list_ids          = []
      [32m+[0m[0m protocol                 = "tcp"
      [32m+[0m[0m security_group_id        = (known after apply)
      [32m+[0m[0m security_group_rule_id   = (known after apply)
      [32m+[0m[0m self                     = true
      [32m+[0m[0m source_security_group_id = (known after apply)
      [32m+[0m[0m to_port                  = 65535
      [32m+[0m[0m type                     = "ingress"
    }

[1m  # module.eks_cluster.module.eks.aws_security_group_rule.node["ingress_self_all"][0m will be created
[0m  [32m+[0m[0m resource "aws_security_group_rule" "node" {
      [32m+[0m[0m description              = "Node to node all ports/protocols"
      [32m+[0m[0m from_port                = 0
      [32m+[0m[0m id                       = (known after apply)
      [32m+[0m[0m prefix_list_ids          = []
      [32m+[0m[0m protocol                 = "-1"
      [32m+[0m[0m security_group_id        = (known after apply)
      [32m+[0m[0m security_group_rule_id   = (known after apply)
      [32m+[0m[0m self                     = true
      [32m+[0m[0m source_security_group_id = (known after apply)
      [32m+[0m[0m to_port                  = 0
      [32m+[0m[0m type                     = "ingress"
    }

[1m  # module.eks_cluster.module.eks.aws_security_group_rule.node["ingress_self_coredns_tcp"][0m will be created
[0m  [32m+[0m[0m resource "aws_security_group_rule" "node" {
      [32m+[0m[0m description              = "Node to node CoreDNS"
      [32m+[0m[0m from_port                = 53
      [32m+[0m[0m id                       = (known after apply)
      [32m+[0m[0m prefix_list_ids          = []
      [32m+[0m[0m protocol                 = "tcp"
      [32m+[0m[0m security_group_id        = (known after apply)
      [32m+[0m[0m security_group_rule_id   = (known after apply)
      [32m+[0m[0m self                     = true
      [32m+[0m[0m source_security_group_id = (known after apply)
      [32m+[0m[0m to_port                  = 53
      [32m+[0m[0m type                     = "ingress"
    }

[1m  # module.eks_cluster.module.eks.aws_security_group_rule.node["ingress_self_coredns_udp"][0m will be created
[0m  [32m+[0m[0m resource "aws_security_group_rule" "node" {
      [32m+[0m[0m description              = "Node to node CoreDNS UDP"
      [32m+[0m[0m from_port                = 53
      [32m+[0m[0m id                       = (known after apply)
      [32m+[0m[0m prefix_list_ids          = []
      [32m+[0m[0m protocol                 = "udp"
      [32m+[0m[0m security_group_id        = (known after apply)
      [32m+[0m[0m security_group_rule_id   = (known after apply)
      [32m+[0m[0m self                     = true
      [32m+[0m[0m source_security_group_id = (known after apply)
      [32m+[0m[0m to_port                  = 53
      [32m+[0m[0m type                     = "ingress"
    }

[1m  # module.eks_cluster.module.eks.time_sleep.this[0][0m will be created
[0m  [32m+[0m[0m resource "time_sleep" "this" {
      [32m+[0m[0m create_duration = "30s"
      [32m+[0m[0m id              = (known after apply)
      [32m+[0m[0m triggers        = {
          [32m+[0m[0m "cluster_certificate_authority_data" = (known after apply)
          [32m+[0m[0m "cluster_endpoint"                   = (known after apply)
          [32m+[0m[0m "cluster_name"                       = (known after apply)
          [32m+[0m[0m "cluster_service_cidr"               = (known after apply)
          [32m+[0m[0m "cluster_version"                    = "1.29"
        }
    }

[1m  # module.eks_cluster.module.eks.module.kms.data.aws_caller_identity.current[0][0m will be read during apply
  # (depends on a resource or a module with changes pending)
[0m [36m<=[0m[0m data "aws_caller_identity" "current" {
      [32m+[0m[0m account_id = (known after apply)
      [32m+[0m[0m arn        = (known after apply)
      [32m+[0m[0m id         = (known after apply)
      [32m+[0m[0m user_id    = (known after apply)
    }

[1m  # module.eks_cluster.module.eks.module.kms.data.aws_iam_policy_document.this[0][0m will be read during apply
  # (config refers to values not yet known)
[0m [36m<=[0m[0m data "aws_iam_policy_document" "this" {
      [32m+[0m[0m id                        = (known after apply)
      [32m+[0m[0m json                      = (known after apply)
      [32m+[0m[0m minified_json             = (known after apply)
      [32m+[0m[0m override_policy_documents = []
      [32m+[0m[0m source_policy_documents   = []

      [32m+[0m[0m statement {
          [32m+[0m[0m actions   = [
              [32m+[0m[0m "kms:*",
            ]
          [32m+[0m[0m resources = [
              [32m+[0m[0m "*",
            ]
          [32m+[0m[0m sid       = "Default"

          [32m+[0m[0m principals {
              [32m+[0m[0m identifiers = [
                  [32m+[0m[0m (known after apply),
                ]
              [32m+[0m[0m type        = "AWS"
            }
        }
      [32m+[0m[0m statement {
          [32m+[0m[0m actions   = [
              [32m+[0m[0m "kms:CancelKeyDeletion",
              [32m+[0m[0m "kms:Create*",
              [32m+[0m[0m "kms:Delete*",
              [32m+[0m[0m "kms:Describe*",
              [32m+[0m[0m "kms:Disable*",
              [32m+[0m[0m "kms:Enable*",
              [32m+[0m[0m "kms:Get*",
              [32m+[0m[0m "kms:ImportKeyMaterial",
              [32m+[0m[0m "kms:List*",
              [32m+[0m[0m "kms:Put*",
              [32m+[0m[0m "kms:ReplicateKey",
              [32m+[0m[0m "kms:Revoke*",
              [32m+[0m[0m "kms:ScheduleKeyDeletion",
              [32m+[0m[0m "kms:TagResource",
              [32m+[0m[0m "kms:UntagResource",
              [32m+[0m[0m "kms:Update*",
            ]
          [32m+[0m[0m resources = [
              [32m+[0m[0m "*",
            ]
          [32m+[0m[0m sid       = "KeyAdministration"

          [32m+[0m[0m principals {
              [32m+[0m[0m identifiers = [
                  [32m+[0m[0m (known after apply),
                ]
              [32m+[0m[0m type        = "AWS"
            }
        }
      [32m+[0m[0m statement {
          [32m+[0m[0m actions   = [
              [32m+[0m[0m "kms:Decrypt",
              [32m+[0m[0m "kms:DescribeKey",
              [32m+[0m[0m "kms:Encrypt",
              [32m+[0m[0m "kms:GenerateDataKey*",
              [32m+[0m[0m "kms:ReEncrypt*",
            ]
          [32m+[0m[0m resources = [
              [32m+[0m[0m "*",
            ]
          [32m+[0m[0m sid       = "KeyUsage"

          [32m+[0m[0m principals {
              [32m+[0m[0m identifiers = [
                  [32m+[0m[0m (known after apply),
                ]
              [32m+[0m[0m type        = "AWS"
            }
        }
    }

[1m  # module.eks_cluster.module.eks.module.kms.data.aws_partition.current[0][0m will be read during apply
  # (depends on a resource or a module with changes pending)
[0m [36m<=[0m[0m data "aws_partition" "current" {
      [32m+[0m[0m dns_suffix         = (known after apply)
      [32m+[0m[0m id                 = (known after apply)
      [32m+[0m[0m partition          = (known after apply)
      [32m+[0m[0m reverse_dns_prefix = (known after apply)
    }

[1m  # module.eks_cluster.module.eks.module.kms.aws_kms_alias.this["cluster"][0m will be created
[0m  [32m+[0m[0m resource "aws_kms_alias" "this" {
      [32m+[0m[0m arn            = (known after apply)
      [32m+[0m[0m id             = (known after apply)
      [32m+[0m[0m name           = "alias/eks/feedbackhub-dev"
      [32m+[0m[0m name_prefix    = (known after apply)
      [32m+[0m[0m target_key_arn = (known after apply)
      [32m+[0m[0m target_key_id  = (known after apply)
    }

[1m  # module.eks_cluster.module.eks.module.kms.aws_kms_key.this[0][0m will be created
[0m  [32m+[0m[0m resource "aws_kms_key" "this" {
      [32m+[0m[0m arn                                = (known after apply)
      [32m+[0m[0m bypass_policy_lockout_safety_check = false
      [32m+[0m[0m customer_master_key_spec           = "SYMMETRIC_DEFAULT"
      [32m+[0m[0m description                        = "feedbackhub-dev cluster encryption key"
      [32m+[0m[0m enable_key_rotation                = true
      [32m+[0m[0m id                                 = (known after apply)
      [32m+[0m[0m is_enabled                         = true
      [32m+[0m[0m key_id                             = (known after apply)
      [32m+[0m[0m key_usage                          = "ENCRYPT_DECRYPT"
      [32m+[0m[0m multi_region                       = false
      [32m+[0m[0m policy                             = (known after apply)
      [32m+[0m[0m rotation_period_in_days            = (known after apply)
      [32m+[0m[0m tags                               = (known after apply)
      [32m+[0m[0m tags_all                           = (known after apply)
    }

[1mPlan:[0m 115 to add, 0 to change, 0 to destroy.
[0m
Changes to Outputs:
  [32m+[0m[0m access_commands                    = {
      [32m+[0m[0m cluster_info            = "kubectl cluster-info"
      [32m+[0m[0m get_nodes               = "kubectl get nodes"
      [32m+[0m[0m get_pods_all            = "kubectl get pods --all-namespaces"
      [32m+[0m[0m grafana_port_forward    = "kubectl port-forward -n monitoring svc/grafana 3000:80"
      [32m+[0m[0m loki_port_forward       = "kubectl port-forward -n logging svc/loki 3100:3100"
      [32m+[0m[0m prometheus_port_forward = "kubectl port-forward -n monitoring svc/prometheus-kube-prometheus-prometheus 9090:9090"
      [32m+[0m[0m update_kubeconfig       = "aws eks update-kubeconfig --region us-east-1 --name feedbackhub-dev"
    }
  [32m+[0m[0m alb_controller_helm_release        = {
      [32m+[0m[0m name      = "aws-load-balancer-controller"
      [32m+[0m[0m namespace = "kube-system"
      [32m+[0m[0m status    = "deployed"
      [32m+[0m[0m version   = "1.6.2"
    }
  [32m+[0m[0m alb_controller_role_arn            = (known after apply)
  [32m+[0m[0m cluster_arn                        = (known after apply)
  [32m+[0m[0m cluster_certificate_authority_data = (sensitive value)
  [32m+[0m[0m cluster_endpoint                   = (known after apply)
  [32m+[0m[0m cluster_name                       = "feedbackhub-dev"
  [32m+[0m[0m cluster_oidc_issuer_url            = (known after apply)
  [32m+[0m[0m cluster_security_group_id          = (known after apply)
  [32m+[0m[0m cluster_version                    = "1.29"
  [32m+[0m[0m cost_optimization                  = {
      [32m+[0m[0m log_retention          = {
          [32m+[0m[0m cloudwatch_days      = 7
          [32m+[0m[0m prometheus_retention = "15d"
        }
      [32m+[0m[0m single_nat_gateway     = true
      [32m+[0m[0m spot_instances_enabled = true
      [32m+[0m[0m storage_optimization   = {
          [32m+[0m[0m ebs_gp3_enabled    = true
          [32m+[0m[0m grafana_storage    = "5Gi"
          [32m+[0m[0m loki_storage       = "5Gi"
          [32m+[0m[0m prometheus_storage = "10Gi"
        }
    }
  [32m+[0m[0m ebs_csi_role_arn                   = (known after apply)
  [32m+[0m[0m environment                        = "dev"
  [32m+[0m[0m grafana_admin_credentials          = (sensitive value)
  [32m+[0m[0m infrastructure_summary             = {
      [32m+[0m[0m cluster     = {
          [32m+[0m[0m endpoint = (known after apply)
          [32m+[0m[0m name     = "feedbackhub-dev"
          [32m+[0m[0m region   = "us-east-1"
          [32m+[0m[0m version  = "1.29"
        }
      [32m+[0m[0m components  = {
          [32m+[0m[0m alb_controller = true
          [32m+[0m[0m external_dns   = false
          [32m+[0m[0m logging        = true
          [32m+[0m[0m monitoring     = true
        }
      [32m+[0m[0m namespaces  = {
          [32m+[0m[0m kube_system = "kube-system"
          [32m+[0m[0m logging     = "logging"
          [32m+[0m[0m monitoring  = "monitoring"
        }
      [32m+[0m[0m network     = {
          [32m+[0m[0m availability_zones = 2
          [32m+[0m[0m nat_gateways       = true
          [32m+[0m[0m vpc_cidr           = "10.1.0.0/16"
          [32m+[0m[0m vpc_id             = (known after apply)
        }
      [32m+[0m[0m node_groups = {
          [32m+[0m[0m count          = 2
          [32m+[0m[0m instance_types = [
              [32m+[0m[0m "t3.small",
            ]
          [32m+[0m[0m spot_enabled   = true
        }
    }
  [32m+[0m[0m irsa_roles                         = {
      [32m+[0m[0m fluent-bit = (known after apply)
      [32m+[0m[0m grafana    = (known after apply)
      [32m+[0m[0m loki       = (known after apply)
      [32m+[0m[0m prometheus = (known after apply)
      [32m+[0m[0m promtail   = (known after apply)
    }
  [32m+[0m[0m kubectl_config                     = "aws eks update-kubeconfig --region us-east-1 --name feedbackhub-dev"
  [32m+[0m[0m logging_enabled                    = true
  [32m+[0m[0m logging_namespace                  = "logging"
  [32m+[0m[0m monitoring_enabled                 = true
  [32m+[0m[0m monitoring_namespace               = "monitoring"
  [32m+[0m[0m nat_gateway_ips                    = [
      [32m+[0m[0m (known after apply),
      [32m+[0m[0m (known after apply),
    ]
  [32m+[0m[0m node_groups                        = {
      [32m+[0m[0m general = {
          [32m+[0m[0m ami_type        = "AL2_x86_64"
          [32m+[0m[0m arn             = (known after apply)
          [32m+[0m[0m capacity_type   = "ON_DEMAND"
          [32m+[0m[0m instance_types  = [
              [32m+[0m[0m "t3.small",
            ]
          [32m+[0m[0m labels          = (known after apply)
          [32m+[0m[0m release_version = (known after apply)
          [32m+[0m[0m remote_access   = []
          [32m+[0m[0m resources       = (known after apply)
          [32m+[0m[0m scaling_config  = [
              [32m+[0m[0m {
                  [32m+[0m[0m desired_size = 1
                  [32m+[0m[0m max_size     = 3
                  [32m+[0m[0m min_size     = 1
                },
            ]
          [32m+[0m[0m status          = (known after apply)
          [32m+[0m[0m taints          = []
          [32m+[0m[0m update_config   = [
              [32m+[0m[0m {
                  [32m+[0m[0m max_unavailable            = [90mnull[0m[0m
                  [32m+[0m[0m max_unavailable_percentage = 25
                },
            ]
          [32m+[0m[0m version         = (known after apply)
        }
      [32m+[0m[0m spot    = {
          [32m+[0m[0m ami_type        = "AL2_x86_64"
          [32m+[0m[0m arn             = (known after apply)
          [32m+[0m[0m capacity_type   = "SPOT"
          [32m+[0m[0m instance_types  = [
              [32m+[0m[0m "t3.small",
              [32m+[0m[0m "t3.medium",
            ]
          [32m+[0m[0m labels          = (known after apply)
          [32m+[0m[0m release_version = (known after apply)
          [32m+[0m[0m remote_access   = []
          [32m+[0m[0m resources       = (known after apply)
          [32m+[0m[0m scaling_config  = [
              [32m+[0m[0m {
                  [32m+[0m[0m desired_size = 1
                  [32m+[0m[0m max_size     = 5
                  [32m+[0m[0m min_size     = 0
                },
            ]
          [32m+[0m[0m status          = (known after apply)
          [32m+[0m[0m taints          = [
              [32m+[0m[0m {
                  [32m+[0m[0m effect = "NO_SCHEDULE"
                  [32m+[0m[0m key    = "spot-instance"
                  [32m+[0m[0m value  = "true"
                },
            ]
          [32m+[0m[0m update_config   = [
              [32m+[0m[0m {
                  [32m+[0m[0m max_unavailable            = [90mnull[0m[0m
                  [32m+[0m[0m max_unavailable_percentage = 25
                },
            ]
          [32m+[0m[0m version         = (known after apply)
        }
    }
  [32m+[0m[0m node_security_group_id             = (known after apply)
  [32m+[0m[0m oidc_provider_arn                  = (known after apply)
  [32m+[0m[0m private_subnet_ids                 = [
      [32m+[0m[0m (known after apply),
      [32m+[0m[0m (known after apply),
    ]
  [32m+[0m[0m public_subnet_ids                  = [
      [32m+[0m[0m (known after apply),
      [32m+[0m[0m (known after apply),
    ]
  [32m+[0m[0m region                             = "us-east-1"
  [32m+[0m[0m security_features                  = {
      [32m+[0m[0m encryption               = {
          [32m+[0m[0m cluster_secrets = false
          [32m+[0m[0m ebs_volumes     = true
          [32m+[0m[0m node_volumes    = false
        }
      [32m+[0m[0m irsa_enabled             = true
      [32m+[0m[0m logging                  = {
          [32m+[0m[0m cloudwatch_enabled = false
          [32m+[0m[0m control_plane_logs = [
              [32m+[0m[0m "api",
              [32m+[0m[0m "audit",
            ]
          [32m+[0m[0m loki_enabled       = true
        }
      [32m+[0m[0m private_endpoint_enabled = true
      [32m+[0m[0m public_access_cidrs      = [
          [32m+[0m[0m "0.0.0.0/0",
        ]
      [32m+[0m[0m public_endpoint_enabled  = true
      [32m+[0m[0m security_groups          = {
          [32m+[0m[0m cluster_sg = (known after apply)
          [32m+[0m[0m node_sg    = (known after apply)
        }
    }
  [32m+[0m[0m vpc_cidr                           = "10.1.0.0/16"
  [32m+[0m[0m vpc_id                             = (known after apply)
[31m╷[0m[0m
[31m│[0m [0m[1m[31mError: [0m[0m[1mFailed to construct REST client[0m
[31m│[0m [0m
[31m│[0m [0m[0m  with module.alb_controller.kubernetes_manifest.ingress_class[0],
[31m│[0m [0m  on ../terraform/alb-controller/main.tf line 184, in resource "kubernetes_manifest" "ingress_class":
[31m│[0m [0m 184: resource "kubernetes_manifest" "ingress_class" [4m{[0m[0m
[31m│[0m [0m
[31m│[0m [0mcannot create REST client: no client config
[31m╵[0m[0m
